{
  "version": 4,
  "terraform_version": "1.13.5",
  "serial": 65,
  "lineage": "d0adbfe4-4c69-cd27-f181-a1848c9d08d6",
  "outputs": {
    "alb_arn": {
      "value": "arn:aws:elasticloadbalancing:ap-northeast-2:471464546082:loadbalancer/app/myapp-alb/18155252eb7d2b4a",
      "type": "string"
    },
    "alb_dns_name": {
      "value": "myapp-alb-514072090.ap-northeast-2.elb.amazonaws.com",
      "type": "string"
    },
    "backend_service_name": {
      "value": "myapp-backend-service",
      "type": "string"
    },
    "backend_task_definition_family": {
      "value": "myapp-backend-task",
      "type": "string"
    },
    "cloudwatch_log_group_backend": {
      "value": "/ecs/myapp-backend",
      "type": "string"
    },
    "cloudwatch_log_group_frontend": {
      "value": "/ecs/myapp-frontend",
      "type": "string"
    },
    "deployment_info": {
      "value": {
        "alb_url": "http://myapp-alb-514072090.ap-northeast-2.elb.amazonaws.com",
        "backend_api_url": "http://myapp-alb-514072090.ap-northeast-2.elb.amazonaws.com/api/users",
        "backend_health_url": "http://myapp-alb-514072090.ap-northeast-2.elb.amazonaws.com/health",
        "backend_service": "myapp-backend-service",
        "cloudwatch_backend_logs_cmd": "aws logs tail /ecs/myapp-backend --follow",
        "cloudwatch_frontend_logs_cmd": "aws logs tail /ecs/myapp-frontend --follow",
        "ecr_backend_repo": "471464546082.dkr.ecr.ap-northeast-2.amazonaws.com/myapp-backend",
        "ecr_frontend_repo": "471464546082.dkr.ecr.ap-northeast-2.amazonaws.com/myapp-frontend",
        "ecs_cluster": "myapp-cluster",
        "frontend_service": "myapp-frontend-service"
      },
      "type": [
        "object",
        {
          "alb_url": "string",
          "backend_api_url": "string",
          "backend_health_url": "string",
          "backend_service": "string",
          "cloudwatch_backend_logs_cmd": "string",
          "cloudwatch_frontend_logs_cmd": "string",
          "ecr_backend_repo": "string",
          "ecr_frontend_repo": "string",
          "ecs_cluster": "string",
          "frontend_service": "string"
        }
      ]
    },
    "ecr_backend_repository_url": {
      "value": "471464546082.dkr.ecr.ap-northeast-2.amazonaws.com/myapp-backend",
      "type": "string"
    },
    "ecr_frontend_repository_url": {
      "value": "471464546082.dkr.ecr.ap-northeast-2.amazonaws.com/myapp-frontend",
      "type": "string"
    },
    "ecs_cluster_arn": {
      "value": "arn:aws:ecs:ap-northeast-2:471464546082:cluster/myapp-cluster",
      "type": "string"
    },
    "ecs_cluster_name": {
      "value": "myapp-cluster",
      "type": "string"
    },
    "frontend_service_name": {
      "value": "myapp-frontend-service",
      "type": "string"
    },
    "frontend_task_definition_family": {
      "value": "myapp-frontend-task",
      "type": "string"
    },
    "private_subnet_ids": {
      "value": [
        "subnet-027c582733b3d79fb",
        "subnet-0f3a154d68d9f4f3e"
      ],
      "type": [
        "tuple",
        [
          "string",
          "string"
        ]
      ]
    },
    "public_subnet_ids": {
      "value": [
        "subnet-02cc124984de504b6",
        "subnet-0b59d7645a7d44a60"
      ],
      "type": [
        "tuple",
        [
          "string",
          "string"
        ]
      ]
    },
    "rds_secret_arn": {
      "value": "arn:aws:secretsmanager:ap-northeast-2:471464546082:secret:myapp-db-password-GMfisB",
      "type": "string"
    },
    "vpc_id": {
      "value": "vpc-000aa297bd9cca28c",
      "type": "string"
    }
  },
  "resources": [
    {
      "mode": "data",
      "type": "aws_availability_zones",
      "name": "available",
      "provider": "provider[\"registry.terraform.io/hashicorp/aws\"]",
      "instances": [
        {
          "schema_version": 0,
          "attributes": {
            "all_availability_zones": null,
            "exclude_names": null,
            "exclude_zone_ids": null,
            "filter": null,
            "group_names": [
              "ap-northeast-2-zg-1"
            ],
            "id": "ap-northeast-2",
            "names": [
              "ap-northeast-2a",
              "ap-northeast-2b",
              "ap-northeast-2c",
              "ap-northeast-2d"
            ],
            "state": "available",
            "timeouts": null,
            "zone_ids": [
              "apne2-az1",
              "apne2-az2",
              "apne2-az3",
              "apne2-az4"
            ]
          },
          "sensitive_attributes": [],
          "identity_schema_version": 0
        }
      ]
    },
    {
      "mode": "managed",
      "type": "aws_cloudwatch_log_group",
      "name": "backend",
      "provider": "provider[\"registry.terraform.io/hashicorp/aws\"]",
      "instances": [
        {
          "schema_version": 0,
          "attributes": {
            "arn": "arn:aws:logs:ap-northeast-2:471464546082:log-group:/ecs/myapp-backend",
            "id": "/ecs/myapp-backend",
            "kms_key_id": "",
            "log_group_class": "STANDARD",
            "name": "/ecs/myapp-backend",
            "name_prefix": "",
            "retention_in_days": 7,
            "skip_destroy": false,
            "tags": {
              "Name": "myapp-backend-logs"
            },
            "tags_all": {
              "Environment": "prod",
              "ManagedBy": "Terraform",
              "Name": "myapp-backend-logs",
              "Project": "myapp"
            }
          },
          "sensitive_attributes": [],
          "identity_schema_version": 0,
          "private": "bnVsbA=="
        }
      ]
    },
    {
      "mode": "managed",
      "type": "aws_cloudwatch_log_group",
      "name": "frontend",
      "provider": "provider[\"registry.terraform.io/hashicorp/aws\"]",
      "instances": [
        {
          "schema_version": 0,
          "attributes": {
            "arn": "arn:aws:logs:ap-northeast-2:471464546082:log-group:/ecs/myapp-frontend",
            "id": "/ecs/myapp-frontend",
            "kms_key_id": "",
            "log_group_class": "STANDARD",
            "name": "/ecs/myapp-frontend",
            "name_prefix": "",
            "retention_in_days": 7,
            "skip_destroy": false,
            "tags": {
              "Name": "myapp-frontend-logs"
            },
            "tags_all": {
              "Environment": "prod",
              "ManagedBy": "Terraform",
              "Name": "myapp-frontend-logs",
              "Project": "myapp"
            }
          },
          "sensitive_attributes": [],
          "identity_schema_version": 0,
          "private": "bnVsbA=="
        }
      ]
    },
    {
      "module": "module.alb",
      "mode": "managed",
      "type": "aws_lb",
      "name": "main",
      "provider": "provider[\"registry.terraform.io/hashicorp/aws\"]",
      "instances": [
        {
          "schema_version": 0,
          "attributes": {
            "access_logs": [
              {
                "bucket": "",
                "enabled": false,
                "prefix": ""
              }
            ],
            "arn": "arn:aws:elasticloadbalancing:ap-northeast-2:471464546082:loadbalancer/app/myapp-alb/18155252eb7d2b4a",
            "arn_suffix": "app/myapp-alb/18155252eb7d2b4a",
            "client_keep_alive": 3600,
            "connection_logs": [
              {
                "bucket": "",
                "enabled": false,
                "prefix": ""
              }
            ],
            "customer_owned_ipv4_pool": "",
            "desync_mitigation_mode": "defensive",
            "dns_name": "myapp-alb-514072090.ap-northeast-2.elb.amazonaws.com",
            "dns_record_client_routing_policy": null,
            "drop_invalid_header_fields": false,
            "enable_cross_zone_load_balancing": true,
            "enable_deletion_protection": false,
            "enable_http2": true,
            "enable_tls_version_and_cipher_suite_headers": false,
            "enable_waf_fail_open": false,
            "enable_xff_client_port": false,
            "enable_zonal_shift": false,
            "enforce_security_group_inbound_rules_on_private_link_traffic": "",
            "id": "arn:aws:elasticloadbalancing:ap-northeast-2:471464546082:loadbalancer/app/myapp-alb/18155252eb7d2b4a",
            "idle_timeout": 60,
            "internal": false,
            "ip_address_type": "ipv4",
            "ipam_pools": [],
            "load_balancer_type": "application",
            "minimum_load_balancer_capacity": [],
            "name": "myapp-alb",
            "name_prefix": "",
            "preserve_host_header": false,
            "security_groups": [
              "sg-06302f93759eb88b2"
            ],
            "subnet_mapping": [
              {
                "allocation_id": "",
                "ipv6_address": "",
                "outpost_id": "",
                "private_ipv4_address": "",
                "subnet_id": "subnet-02cc124984de504b6"
              },
              {
                "allocation_id": "",
                "ipv6_address": "",
                "outpost_id": "",
                "private_ipv4_address": "",
                "subnet_id": "subnet-0b59d7645a7d44a60"
              }
            ],
            "subnets": [
              "subnet-02cc124984de504b6",
              "subnet-0b59d7645a7d44a60"
            ],
            "tags": {
              "Name": "myapp-alb"
            },
            "tags_all": {
              "Environment": "prod",
              "ManagedBy": "Terraform",
              "Name": "myapp-alb",
              "Project": "myapp"
            },
            "timeouts": null,
            "vpc_id": "vpc-000aa297bd9cca28c",
            "xff_header_processing_mode": "append",
            "zone_id": "ZWKZPGTI48KDX"
          },
          "sensitive_attributes": [],
          "identity_schema_version": 0,
          "private": "eyJlMmJmYjczMC1lY2FhLTExZTYtOGY4OC0zNDM2M2JjN2M0YzAiOnsiY3JlYXRlIjo2MDAwMDAwMDAwMDAsImRlbGV0ZSI6NjAwMDAwMDAwMDAwLCJ1cGRhdGUiOjYwMDAwMDAwMDAwMH19",
          "dependencies": [
            "module.alb.aws_security_group.alb",
            "module.vpc.aws_subnet.public",
            "module.vpc.aws_vpc.main"
          ]
        }
      ]
    },
    {
      "module": "module.alb",
      "mode": "managed",
      "type": "aws_lb_listener",
      "name": "http",
      "provider": "provider[\"registry.terraform.io/hashicorp/aws\"]",
      "instances": [
        {
          "schema_version": 0,
          "attributes": {
            "alpn_policy": null,
            "arn": "arn:aws:elasticloadbalancing:ap-northeast-2:471464546082:listener/app/myapp-alb/18155252eb7d2b4a/0da0aea74c582bdf",
            "certificate_arn": null,
            "default_action": [
              {
                "authenticate_cognito": [],
                "authenticate_oidc": [],
                "fixed_response": [],
                "forward": [],
                "order": 1,
                "redirect": [],
                "target_group_arn": "arn:aws:elasticloadbalancing:ap-northeast-2:471464546082:targetgroup/myapp-frontend-tg/fbbd57137a2887d5",
                "type": "forward"
              }
            ],
            "id": "arn:aws:elasticloadbalancing:ap-northeast-2:471464546082:listener/app/myapp-alb/18155252eb7d2b4a/0da0aea74c582bdf",
            "load_balancer_arn": "arn:aws:elasticloadbalancing:ap-northeast-2:471464546082:loadbalancer/app/myapp-alb/18155252eb7d2b4a",
            "mutual_authentication": [],
            "port": 80,
            "protocol": "HTTP",
            "routing_http_request_x_amzn_mtls_clientcert_header_name": null,
            "routing_http_request_x_amzn_mtls_clientcert_issuer_header_name": null,
            "routing_http_request_x_amzn_mtls_clientcert_leaf_header_name": null,
            "routing_http_request_x_amzn_mtls_clientcert_serial_number_header_name": null,
            "routing_http_request_x_amzn_mtls_clientcert_subject_header_name": null,
            "routing_http_request_x_amzn_mtls_clientcert_validity_header_name": null,
            "routing_http_request_x_amzn_tls_cipher_suite_header_name": null,
            "routing_http_request_x_amzn_tls_version_header_name": null,
            "routing_http_response_access_control_allow_credentials_header_value": "",
            "routing_http_response_access_control_allow_headers_header_value": "",
            "routing_http_response_access_control_allow_methods_header_value": "",
            "routing_http_response_access_control_allow_origin_header_value": "",
            "routing_http_response_access_control_expose_headers_header_value": "",
            "routing_http_response_access_control_max_age_header_value": "",
            "routing_http_response_content_security_policy_header_value": "",
            "routing_http_response_server_enabled": true,
            "routing_http_response_strict_transport_security_header_value": "",
            "routing_http_response_x_content_type_options_header_value": "",
            "routing_http_response_x_frame_options_header_value": "",
            "ssl_policy": "",
            "tags": {},
            "tags_all": {
              "Environment": "prod",
              "ManagedBy": "Terraform",
              "Project": "myapp"
            },
            "tcp_idle_timeout_seconds": null,
            "timeouts": null
          },
          "sensitive_attributes": [],
          "identity_schema_version": 0,
          "private": "eyJlMmJmYjczMC1lY2FhLTExZTYtOGY4OC0zNDM2M2JjN2M0YzAiOnsiY3JlYXRlIjozMDAwMDAwMDAwMDAsInVwZGF0ZSI6MzAwMDAwMDAwMDAwfX0=",
          "dependencies": [
            "module.alb.aws_lb.main",
            "module.alb.aws_lb_target_group.frontend",
            "module.alb.aws_security_group.alb",
            "module.vpc.aws_subnet.public",
            "module.vpc.aws_vpc.main"
          ]
        }
      ]
    },
    {
      "module": "module.alb",
      "mode": "managed",
      "type": "aws_lb_listener_rule",
      "name": "backend_actuator",
      "provider": "provider[\"registry.terraform.io/hashicorp/aws\"]",
      "instances": [
        {
          "schema_version": 0,
          "attributes": {
            "action": [
              {
                "authenticate_cognito": [],
                "authenticate_oidc": [],
                "fixed_response": [],
                "forward": [],
                "order": 1,
                "redirect": [],
                "target_group_arn": "arn:aws:elasticloadbalancing:ap-northeast-2:471464546082:targetgroup/myapp-backend-tg/20d3d642f161b4a3",
                "type": "forward"
              }
            ],
            "arn": "arn:aws:elasticloadbalancing:ap-northeast-2:471464546082:listener-rule/app/myapp-alb/18155252eb7d2b4a/0da0aea74c582bdf/a8f95ff146a9dd69",
            "condition": [
              {
                "host_header": [],
                "http_header": [],
                "http_request_method": [],
                "path_pattern": [
                  {
                    "values": [
                      "/actuator/*"
                    ]
                  }
                ],
                "query_string": [],
                "source_ip": []
              }
            ],
            "id": "arn:aws:elasticloadbalancing:ap-northeast-2:471464546082:listener-rule/app/myapp-alb/18155252eb7d2b4a/0da0aea74c582bdf/a8f95ff146a9dd69",
            "listener_arn": "arn:aws:elasticloadbalancing:ap-northeast-2:471464546082:listener/app/myapp-alb/18155252eb7d2b4a/0da0aea74c582bdf",
            "priority": 102,
            "tags": {},
            "tags_all": {
              "Environment": "prod",
              "ManagedBy": "Terraform",
              "Project": "myapp"
            }
          },
          "sensitive_attributes": [],
          "identity_schema_version": 0,
          "private": "bnVsbA==",
          "dependencies": [
            "module.alb.aws_lb.main",
            "module.alb.aws_lb_listener.http",
            "module.alb.aws_lb_target_group.backend",
            "module.alb.aws_lb_target_group.frontend",
            "module.alb.aws_security_group.alb",
            "module.vpc.aws_subnet.public",
            "module.vpc.aws_vpc.main"
          ]
        }
      ]
    },
    {
      "module": "module.alb",
      "mode": "managed",
      "type": "aws_lb_listener_rule",
      "name": "backend_api",
      "provider": "provider[\"registry.terraform.io/hashicorp/aws\"]",
      "instances": [
        {
          "schema_version": 0,
          "attributes": {
            "action": [
              {
                "authenticate_cognito": [],
                "authenticate_oidc": [],
                "fixed_response": [],
                "forward": [],
                "order": 1,
                "redirect": [],
                "target_group_arn": "arn:aws:elasticloadbalancing:ap-northeast-2:471464546082:targetgroup/myapp-backend-tg/20d3d642f161b4a3",
                "type": "forward"
              }
            ],
            "arn": "arn:aws:elasticloadbalancing:ap-northeast-2:471464546082:listener-rule/app/myapp-alb/18155252eb7d2b4a/0da0aea74c582bdf/07115ac811c494f9",
            "condition": [
              {
                "host_header": [],
                "http_header": [],
                "http_request_method": [],
                "path_pattern": [
                  {
                    "values": [
                      "/api/*"
                    ]
                  }
                ],
                "query_string": [],
                "source_ip": []
              }
            ],
            "id": "arn:aws:elasticloadbalancing:ap-northeast-2:471464546082:listener-rule/app/myapp-alb/18155252eb7d2b4a/0da0aea74c582bdf/07115ac811c494f9",
            "listener_arn": "arn:aws:elasticloadbalancing:ap-northeast-2:471464546082:listener/app/myapp-alb/18155252eb7d2b4a/0da0aea74c582bdf",
            "priority": 100,
            "tags": {},
            "tags_all": {
              "Environment": "prod",
              "ManagedBy": "Terraform",
              "Project": "myapp"
            }
          },
          "sensitive_attributes": [],
          "identity_schema_version": 0,
          "private": "bnVsbA==",
          "dependencies": [
            "module.alb.aws_lb.main",
            "module.alb.aws_lb_listener.http",
            "module.alb.aws_lb_target_group.backend",
            "module.alb.aws_lb_target_group.frontend",
            "module.alb.aws_security_group.alb",
            "module.vpc.aws_subnet.public",
            "module.vpc.aws_vpc.main"
          ]
        }
      ]
    },
    {
      "module": "module.alb",
      "mode": "managed",
      "type": "aws_lb_listener_rule",
      "name": "backend_health",
      "provider": "provider[\"registry.terraform.io/hashicorp/aws\"]",
      "instances": [
        {
          "schema_version": 0,
          "attributes": {
            "action": [
              {
                "authenticate_cognito": [],
                "authenticate_oidc": [],
                "fixed_response": [],
                "forward": [],
                "order": 1,
                "redirect": [],
                "target_group_arn": "arn:aws:elasticloadbalancing:ap-northeast-2:471464546082:targetgroup/myapp-backend-tg/20d3d642f161b4a3",
                "type": "forward"
              }
            ],
            "arn": "arn:aws:elasticloadbalancing:ap-northeast-2:471464546082:listener-rule/app/myapp-alb/18155252eb7d2b4a/0da0aea74c582bdf/f61dadcb79ad4940",
            "condition": [
              {
                "host_header": [],
                "http_header": [],
                "http_request_method": [],
                "path_pattern": [
                  {
                    "values": [
                      "/health"
                    ]
                  }
                ],
                "query_string": [],
                "source_ip": []
              }
            ],
            "id": "arn:aws:elasticloadbalancing:ap-northeast-2:471464546082:listener-rule/app/myapp-alb/18155252eb7d2b4a/0da0aea74c582bdf/f61dadcb79ad4940",
            "listener_arn": "arn:aws:elasticloadbalancing:ap-northeast-2:471464546082:listener/app/myapp-alb/18155252eb7d2b4a/0da0aea74c582bdf",
            "priority": 101,
            "tags": {},
            "tags_all": {
              "Environment": "prod",
              "ManagedBy": "Terraform",
              "Project": "myapp"
            }
          },
          "sensitive_attributes": [],
          "identity_schema_version": 0,
          "private": "bnVsbA==",
          "dependencies": [
            "module.alb.aws_lb.main",
            "module.alb.aws_lb_listener.http",
            "module.alb.aws_lb_target_group.backend",
            "module.alb.aws_lb_target_group.frontend",
            "module.alb.aws_security_group.alb",
            "module.vpc.aws_subnet.public",
            "module.vpc.aws_vpc.main"
          ]
        }
      ]
    },
    {
      "module": "module.alb",
      "mode": "managed",
      "type": "aws_lb_target_group",
      "name": "backend",
      "provider": "provider[\"registry.terraform.io/hashicorp/aws\"]",
      "instances": [
        {
          "schema_version": 0,
          "attributes": {
            "arn": "arn:aws:elasticloadbalancing:ap-northeast-2:471464546082:targetgroup/myapp-backend-tg/20d3d642f161b4a3",
            "arn_suffix": "targetgroup/myapp-backend-tg/20d3d642f161b4a3",
            "connection_termination": null,
            "deregistration_delay": "30",
            "health_check": [
              {
                "enabled": true,
                "healthy_threshold": 2,
                "interval": 30,
                "matcher": "200",
                "path": "/health",
                "port": "traffic-port",
                "protocol": "HTTP",
                "timeout": 5,
                "unhealthy_threshold": 2
              }
            ],
            "id": "arn:aws:elasticloadbalancing:ap-northeast-2:471464546082:targetgroup/myapp-backend-tg/20d3d642f161b4a3",
            "ip_address_type": "ipv4",
            "lambda_multi_value_headers_enabled": false,
            "load_balancer_arns": [
              "arn:aws:elasticloadbalancing:ap-northeast-2:471464546082:loadbalancer/app/myapp-alb/18155252eb7d2b4a"
            ],
            "load_balancing_algorithm_type": "round_robin",
            "load_balancing_anomaly_mitigation": "off",
            "load_balancing_cross_zone_enabled": "use_load_balancer_configuration",
            "name": "myapp-backend-tg",
            "name_prefix": "",
            "port": 8080,
            "preserve_client_ip": null,
            "protocol": "HTTP",
            "protocol_version": "HTTP1",
            "proxy_protocol_v2": false,
            "slow_start": 0,
            "stickiness": [
              {
                "cookie_duration": 86400,
                "cookie_name": "",
                "enabled": false,
                "type": "lb_cookie"
              }
            ],
            "tags": {
              "Name": "myapp-backend-tg"
            },
            "tags_all": {
              "Environment": "prod",
              "ManagedBy": "Terraform",
              "Name": "myapp-backend-tg",
              "Project": "myapp"
            },
            "target_failover": [
              {
                "on_deregistration": null,
                "on_unhealthy": null
              }
            ],
            "target_group_health": [
              {
                "dns_failover": [
                  {
                    "minimum_healthy_targets_count": "1",
                    "minimum_healthy_targets_percentage": "off"
                  }
                ],
                "unhealthy_state_routing": [
                  {
                    "minimum_healthy_targets_count": 1,
                    "minimum_healthy_targets_percentage": "off"
                  }
                ]
              }
            ],
            "target_health_state": [
              {
                "enable_unhealthy_connection_termination": null,
                "unhealthy_draining_interval": null
              }
            ],
            "target_type": "ip",
            "vpc_id": "vpc-000aa297bd9cca28c"
          },
          "sensitive_attributes": [],
          "identity_schema_version": 0,
          "private": "bnVsbA==",
          "dependencies": [
            "module.vpc.aws_vpc.main"
          ]
        }
      ]
    },
    {
      "module": "module.alb",
      "mode": "managed",
      "type": "aws_lb_target_group",
      "name": "frontend",
      "provider": "provider[\"registry.terraform.io/hashicorp/aws\"]",
      "instances": [
        {
          "schema_version": 0,
          "attributes": {
            "arn": "arn:aws:elasticloadbalancing:ap-northeast-2:471464546082:targetgroup/myapp-frontend-tg/fbbd57137a2887d5",
            "arn_suffix": "targetgroup/myapp-frontend-tg/fbbd57137a2887d5",
            "connection_termination": null,
            "deregistration_delay": "30",
            "health_check": [
              {
                "enabled": true,
                "healthy_threshold": 2,
                "interval": 30,
                "matcher": "200",
                "path": "/health",
                "port": "traffic-port",
                "protocol": "HTTP",
                "timeout": 3,
                "unhealthy_threshold": 2
              }
            ],
            "id": "arn:aws:elasticloadbalancing:ap-northeast-2:471464546082:targetgroup/myapp-frontend-tg/fbbd57137a2887d5",
            "ip_address_type": "ipv4",
            "lambda_multi_value_headers_enabled": false,
            "load_balancer_arns": [
              "arn:aws:elasticloadbalancing:ap-northeast-2:471464546082:loadbalancer/app/myapp-alb/18155252eb7d2b4a"
            ],
            "load_balancing_algorithm_type": "round_robin",
            "load_balancing_anomaly_mitigation": "off",
            "load_balancing_cross_zone_enabled": "use_load_balancer_configuration",
            "name": "myapp-frontend-tg",
            "name_prefix": "",
            "port": 80,
            "preserve_client_ip": null,
            "protocol": "HTTP",
            "protocol_version": "HTTP1",
            "proxy_protocol_v2": false,
            "slow_start": 0,
            "stickiness": [
              {
                "cookie_duration": 86400,
                "cookie_name": "",
                "enabled": false,
                "type": "lb_cookie"
              }
            ],
            "tags": {
              "Name": "myapp-frontend-tg"
            },
            "tags_all": {
              "Environment": "prod",
              "ManagedBy": "Terraform",
              "Name": "myapp-frontend-tg",
              "Project": "myapp"
            },
            "target_failover": [
              {
                "on_deregistration": null,
                "on_unhealthy": null
              }
            ],
            "target_group_health": [
              {
                "dns_failover": [
                  {
                    "minimum_healthy_targets_count": "1",
                    "minimum_healthy_targets_percentage": "off"
                  }
                ],
                "unhealthy_state_routing": [
                  {
                    "minimum_healthy_targets_count": 1,
                    "minimum_healthy_targets_percentage": "off"
                  }
                ]
              }
            ],
            "target_health_state": [
              {
                "enable_unhealthy_connection_termination": null,
                "unhealthy_draining_interval": null
              }
            ],
            "target_type": "ip",
            "vpc_id": "vpc-000aa297bd9cca28c"
          },
          "sensitive_attributes": [],
          "identity_schema_version": 0,
          "private": "bnVsbA==",
          "dependencies": [
            "module.vpc.aws_vpc.main"
          ]
        }
      ]
    },
    {
      "module": "module.alb",
      "mode": "managed",
      "type": "aws_security_group",
      "name": "alb",
      "provider": "provider[\"registry.terraform.io/hashicorp/aws\"]",
      "instances": [
        {
          "schema_version": 1,
          "attributes": {
            "arn": "arn:aws:ec2:ap-northeast-2:471464546082:security-group/sg-06302f93759eb88b2",
            "description": "Security group for Application Load Balancer",
            "egress": [
              {
                "cidr_blocks": [
                  "0.0.0.0/0"
                ],
                "description": "Allow all outbound traffic",
                "from_port": 0,
                "ipv6_cidr_blocks": [],
                "prefix_list_ids": [],
                "protocol": "-1",
                "security_groups": [],
                "self": false,
                "to_port": 0
              }
            ],
            "id": "sg-06302f93759eb88b2",
            "ingress": [
              {
                "cidr_blocks": [
                  "0.0.0.0/0"
                ],
                "description": "Allow HTTP from anywhere",
                "from_port": 80,
                "ipv6_cidr_blocks": [],
                "prefix_list_ids": [],
                "protocol": "tcp",
                "security_groups": [],
                "self": false,
                "to_port": 80
              },
              {
                "cidr_blocks": [
                  "0.0.0.0/0"
                ],
                "description": "Allow HTTPS from anywhere",
                "from_port": 443,
                "ipv6_cidr_blocks": [],
                "prefix_list_ids": [],
                "protocol": "tcp",
                "security_groups": [],
                "self": false,
                "to_port": 443
              }
            ],
            "name": "myapp-alb-sg",
            "name_prefix": "",
            "owner_id": "471464546082",
            "revoke_rules_on_delete": false,
            "tags": {
              "Name": "myapp-alb-sg"
            },
            "tags_all": {
              "Environment": "prod",
              "ManagedBy": "Terraform",
              "Name": "myapp-alb-sg",
              "Project": "myapp"
            },
            "timeouts": null,
            "vpc_id": "vpc-000aa297bd9cca28c"
          },
          "sensitive_attributes": [],
          "identity_schema_version": 0,
          "private": "eyJlMmJmYjczMC1lY2FhLTExZTYtOGY4OC0zNDM2M2JjN2M0YzAiOnsiY3JlYXRlIjo2MDAwMDAwMDAwMDAsImRlbGV0ZSI6OTAwMDAwMDAwMDAwfSwic2NoZW1hX3ZlcnNpb24iOiIxIn0=",
          "dependencies": [
            "module.vpc.aws_vpc.main"
          ]
        }
      ]
    },
    {
      "module": "module.ecr",
      "mode": "managed",
      "type": "aws_ecr_lifecycle_policy",
      "name": "backend",
      "provider": "provider[\"registry.terraform.io/hashicorp/aws\"]",
      "instances": [
        {
          "schema_version": 0,
          "attributes": {
            "id": "myapp-backend",
            "policy": "{\"rules\":[{\"action\":{\"type\":\"expire\"},\"description\":\"Remove untagged images older than 7 days\",\"rulePriority\":1,\"selection\":{\"countNumber\":7,\"countType\":\"sinceImagePushed\",\"countUnit\":\"days\",\"tagStatus\":\"untagged\"}},{\"action\":{\"type\":\"expire\"},\"description\":\"Keep last 10 images\",\"rulePriority\":2,\"selection\":{\"countNumber\":10,\"countType\":\"imageCountMoreThan\",\"tagStatus\":\"any\"}}]}",
            "registry_id": "471464546082",
            "repository": "myapp-backend"
          },
          "sensitive_attributes": [],
          "identity_schema_version": 0,
          "private": "bnVsbA==",
          "dependencies": [
            "module.ecr.aws_ecr_repository.backend"
          ]
        }
      ]
    },
    {
      "module": "module.ecr",
      "mode": "managed",
      "type": "aws_ecr_lifecycle_policy",
      "name": "frontend",
      "provider": "provider[\"registry.terraform.io/hashicorp/aws\"]",
      "instances": [
        {
          "schema_version": 0,
          "attributes": {
            "id": "myapp-frontend",
            "policy": "{\"rules\":[{\"action\":{\"type\":\"expire\"},\"description\":\"Remove untagged images older than 7 days\",\"rulePriority\":1,\"selection\":{\"countNumber\":7,\"countType\":\"sinceImagePushed\",\"countUnit\":\"days\",\"tagStatus\":\"untagged\"}},{\"action\":{\"type\":\"expire\"},\"description\":\"Keep last 10 images\",\"rulePriority\":2,\"selection\":{\"countNumber\":10,\"countType\":\"imageCountMoreThan\",\"tagStatus\":\"any\"}}]}",
            "registry_id": "471464546082",
            "repository": "myapp-frontend"
          },
          "sensitive_attributes": [],
          "identity_schema_version": 0,
          "private": "bnVsbA==",
          "dependencies": [
            "module.ecr.aws_ecr_repository.frontend"
          ]
        }
      ]
    },
    {
      "module": "module.ecr",
      "mode": "managed",
      "type": "aws_ecr_repository",
      "name": "backend",
      "provider": "provider[\"registry.terraform.io/hashicorp/aws\"]",
      "instances": [
        {
          "schema_version": 0,
          "attributes": {
            "arn": "arn:aws:ecr:ap-northeast-2:471464546082:repository/myapp-backend",
            "encryption_configuration": [
              {
                "encryption_type": "AES256",
                "kms_key": ""
              }
            ],
            "force_delete": null,
            "id": "myapp-backend",
            "image_scanning_configuration": [
              {
                "scan_on_push": true
              }
            ],
            "image_tag_mutability": "MUTABLE",
            "name": "myapp-backend",
            "registry_id": "471464546082",
            "repository_url": "471464546082.dkr.ecr.ap-northeast-2.amazonaws.com/myapp-backend",
            "tags": {
              "Name": "myapp-backend-ecr"
            },
            "tags_all": {
              "Environment": "prod",
              "ManagedBy": "Terraform",
              "Name": "myapp-backend-ecr",
              "Project": "myapp"
            },
            "timeouts": null
          },
          "sensitive_attributes": [],
          "identity_schema_version": 0,
          "private": "eyJlMmJmYjczMC1lY2FhLTExZTYtOGY4OC0zNDM2M2JjN2M0YzAiOnsiZGVsZXRlIjoxMjAwMDAwMDAwMDAwfX0="
        }
      ]
    },
    {
      "module": "module.ecr",
      "mode": "managed",
      "type": "aws_ecr_repository",
      "name": "frontend",
      "provider": "provider[\"registry.terraform.io/hashicorp/aws\"]",
      "instances": [
        {
          "schema_version": 0,
          "attributes": {
            "arn": "arn:aws:ecr:ap-northeast-2:471464546082:repository/myapp-frontend",
            "encryption_configuration": [
              {
                "encryption_type": "AES256",
                "kms_key": ""
              }
            ],
            "force_delete": null,
            "id": "myapp-frontend",
            "image_scanning_configuration": [
              {
                "scan_on_push": true
              }
            ],
            "image_tag_mutability": "MUTABLE",
            "name": "myapp-frontend",
            "registry_id": "471464546082",
            "repository_url": "471464546082.dkr.ecr.ap-northeast-2.amazonaws.com/myapp-frontend",
            "tags": {
              "Name": "myapp-frontend-ecr"
            },
            "tags_all": {
              "Environment": "prod",
              "ManagedBy": "Terraform",
              "Name": "myapp-frontend-ecr",
              "Project": "myapp"
            },
            "timeouts": null
          },
          "sensitive_attributes": [],
          "identity_schema_version": 0,
          "private": "eyJlMmJmYjczMC1lY2FhLTExZTYtOGY4OC0zNDM2M2JjN2M0YzAiOnsiZGVsZXRlIjoxMjAwMDAwMDAwMDAwfX0="
        }
      ]
    },
    {
      "module": "module.ecs",
      "mode": "managed",
      "type": "aws_appautoscaling_policy",
      "name": "backend_cpu",
      "provider": "provider[\"registry.terraform.io/hashicorp/aws\"]",
      "instances": [
        {
          "schema_version": 0,
          "attributes": {
            "alarm_arns": [
              "arn:aws:cloudwatch:ap-northeast-2:471464546082:alarm:TargetTracking-service/myapp-cluster/myapp-backend-service-AlarmHigh-2e817747-2654-4255-857a-1f517396ee76",
              "arn:aws:cloudwatch:ap-northeast-2:471464546082:alarm:TargetTracking-service/myapp-cluster/myapp-backend-service-AlarmLow-c4bcaafc-28ed-452d-bc59-b0c603059666"
            ],
            "arn": "arn:aws:autoscaling:ap-northeast-2:471464546082:scalingPolicy:27cb1e27-3519-44b0-93fb-2340005e8fe2:resource/ecs/service/myapp-cluster/myapp-backend-service:policyName/myapp-backend-cpu-autoscaling",
            "id": "myapp-backend-cpu-autoscaling",
            "name": "myapp-backend-cpu-autoscaling",
            "policy_type": "TargetTrackingScaling",
            "resource_id": "service/myapp-cluster/myapp-backend-service",
            "scalable_dimension": "ecs:service:DesiredCount",
            "service_namespace": "ecs",
            "step_scaling_policy_configuration": [],
            "target_tracking_scaling_policy_configuration": [
              {
                "customized_metric_specification": [],
                "disable_scale_in": false,
                "predefined_metric_specification": [
                  {
                    "predefined_metric_type": "ECSServiceAverageCPUUtilization",
                    "resource_label": ""
                  }
                ],
                "scale_in_cooldown": 0,
                "scale_out_cooldown": 0,
                "target_value": 70
              }
            ]
          },
          "sensitive_attributes": [],
          "identity_schema_version": 0,
          "private": "bnVsbA==",
          "dependencies": [
            "aws_security_group.ecs_tasks",
            "module.alb.aws_lb.main",
            "module.alb.aws_lb_listener.http",
            "module.alb.aws_lb_listener_rule.backend_actuator",
            "module.alb.aws_lb_listener_rule.backend_api",
            "module.alb.aws_lb_listener_rule.backend_health",
            "module.alb.aws_lb_target_group.backend",
            "module.alb.aws_lb_target_group.frontend",
            "module.alb.aws_security_group.alb",
            "module.ecr.aws_ecr_repository.backend",
            "module.ecs.aws_appautoscaling_target.backend",
            "module.ecs.aws_ecs_cluster.main",
            "module.ecs.aws_ecs_service.backend",
            "module.ecs.aws_ecs_task_definition.backend",
            "module.ecs.data.aws_region.current",
            "module.iam.aws_iam_role.ecs_task_execution_role",
            "module.iam.aws_iam_role.ecs_task_role",
            "module.rds.aws_db_instance.main",
            "module.rds.aws_db_subnet_group.main",
            "module.rds.aws_secretsmanager_secret.db_password",
            "module.rds.aws_secretsmanager_secret_version.db_password",
            "module.rds.aws_security_group.rds",
            "module.rds.random_password.db_password",
            "module.vpc.aws_subnet.private",
            "module.vpc.aws_subnet.public",
            "module.vpc.aws_vpc.main"
          ]
        }
      ]
    },
    {
      "module": "module.ecs",
      "mode": "managed",
      "type": "aws_appautoscaling_policy",
      "name": "backend_memory",
      "provider": "provider[\"registry.terraform.io/hashicorp/aws\"]",
      "instances": [
        {
          "schema_version": 0,
          "attributes": {
            "alarm_arns": [
              "arn:aws:cloudwatch:ap-northeast-2:471464546082:alarm:TargetTracking-service/myapp-cluster/myapp-backend-service-AlarmHigh-715df75f-a9d8-4039-9baa-a9f6e6688c2d",
              "arn:aws:cloudwatch:ap-northeast-2:471464546082:alarm:TargetTracking-service/myapp-cluster/myapp-backend-service-AlarmLow-294f7d62-5a6f-4489-9c34-1220f5bf8229"
            ],
            "arn": "arn:aws:autoscaling:ap-northeast-2:471464546082:scalingPolicy:27cb1e27-3519-44b0-93fb-2340005e8fe2:resource/ecs/service/myapp-cluster/myapp-backend-service:policyName/myapp-backend-memory-autoscaling",
            "id": "myapp-backend-memory-autoscaling",
            "name": "myapp-backend-memory-autoscaling",
            "policy_type": "TargetTrackingScaling",
            "resource_id": "service/myapp-cluster/myapp-backend-service",
            "scalable_dimension": "ecs:service:DesiredCount",
            "service_namespace": "ecs",
            "step_scaling_policy_configuration": [],
            "target_tracking_scaling_policy_configuration": [
              {
                "customized_metric_specification": [],
                "disable_scale_in": false,
                "predefined_metric_specification": [
                  {
                    "predefined_metric_type": "ECSServiceAverageMemoryUtilization",
                    "resource_label": ""
                  }
                ],
                "scale_in_cooldown": 0,
                "scale_out_cooldown": 0,
                "target_value": 80
              }
            ]
          },
          "sensitive_attributes": [],
          "identity_schema_version": 0,
          "private": "bnVsbA==",
          "dependencies": [
            "aws_security_group.ecs_tasks",
            "module.alb.aws_lb.main",
            "module.alb.aws_lb_listener.http",
            "module.alb.aws_lb_listener_rule.backend_actuator",
            "module.alb.aws_lb_listener_rule.backend_api",
            "module.alb.aws_lb_listener_rule.backend_health",
            "module.alb.aws_lb_target_group.backend",
            "module.alb.aws_lb_target_group.frontend",
            "module.alb.aws_security_group.alb",
            "module.ecr.aws_ecr_repository.backend",
            "module.ecs.aws_appautoscaling_target.backend",
            "module.ecs.aws_ecs_cluster.main",
            "module.ecs.aws_ecs_service.backend",
            "module.ecs.aws_ecs_task_definition.backend",
            "module.ecs.data.aws_region.current",
            "module.iam.aws_iam_role.ecs_task_execution_role",
            "module.iam.aws_iam_role.ecs_task_role",
            "module.rds.aws_db_instance.main",
            "module.rds.aws_db_subnet_group.main",
            "module.rds.aws_secretsmanager_secret.db_password",
            "module.rds.aws_secretsmanager_secret_version.db_password",
            "module.rds.aws_security_group.rds",
            "module.rds.random_password.db_password",
            "module.vpc.aws_subnet.private",
            "module.vpc.aws_subnet.public",
            "module.vpc.aws_vpc.main"
          ]
        }
      ]
    },
    {
      "module": "module.ecs",
      "mode": "managed",
      "type": "aws_appautoscaling_policy",
      "name": "frontend_cpu",
      "provider": "provider[\"registry.terraform.io/hashicorp/aws\"]",
      "instances": [
        {
          "schema_version": 0,
          "attributes": {
            "alarm_arns": [
              "arn:aws:cloudwatch:ap-northeast-2:471464546082:alarm:TargetTracking-service/myapp-cluster/myapp-frontend-service-AlarmHigh-ce17bba1-156b-44d4-b648-554bd3834f6a",
              "arn:aws:cloudwatch:ap-northeast-2:471464546082:alarm:TargetTracking-service/myapp-cluster/myapp-frontend-service-AlarmLow-400f6aef-3b1c-4281-8f64-68bb58af3486"
            ],
            "arn": "arn:aws:autoscaling:ap-northeast-2:471464546082:scalingPolicy:287db683-3cc4-45c4-b082-23a59ed4349b:resource/ecs/service/myapp-cluster/myapp-frontend-service:policyName/myapp-frontend-cpu-autoscaling",
            "id": "myapp-frontend-cpu-autoscaling",
            "name": "myapp-frontend-cpu-autoscaling",
            "policy_type": "TargetTrackingScaling",
            "resource_id": "service/myapp-cluster/myapp-frontend-service",
            "scalable_dimension": "ecs:service:DesiredCount",
            "service_namespace": "ecs",
            "step_scaling_policy_configuration": [],
            "target_tracking_scaling_policy_configuration": [
              {
                "customized_metric_specification": [],
                "disable_scale_in": false,
                "predefined_metric_specification": [
                  {
                    "predefined_metric_type": "ECSServiceAverageCPUUtilization",
                    "resource_label": ""
                  }
                ],
                "scale_in_cooldown": 0,
                "scale_out_cooldown": 0,
                "target_value": 70
              }
            ]
          },
          "sensitive_attributes": [],
          "identity_schema_version": 0,
          "private": "bnVsbA==",
          "dependencies": [
            "aws_security_group.ecs_tasks",
            "module.alb.aws_lb.main",
            "module.alb.aws_lb_listener.http",
            "module.alb.aws_lb_listener_rule.backend_actuator",
            "module.alb.aws_lb_listener_rule.backend_api",
            "module.alb.aws_lb_listener_rule.backend_health",
            "module.alb.aws_lb_target_group.backend",
            "module.alb.aws_lb_target_group.frontend",
            "module.alb.aws_security_group.alb",
            "module.ecr.aws_ecr_repository.frontend",
            "module.ecs.aws_appautoscaling_target.frontend",
            "module.ecs.aws_ecs_cluster.main",
            "module.ecs.aws_ecs_service.frontend",
            "module.ecs.aws_ecs_task_definition.frontend",
            "module.ecs.data.aws_region.current",
            "module.iam.aws_iam_role.ecs_task_execution_role",
            "module.iam.aws_iam_role.ecs_task_role",
            "module.rds.aws_db_instance.main",
            "module.rds.aws_db_subnet_group.main",
            "module.rds.aws_secretsmanager_secret.db_password",
            "module.rds.aws_secretsmanager_secret_version.db_password",
            "module.rds.aws_security_group.rds",
            "module.rds.random_password.db_password",
            "module.vpc.aws_subnet.private",
            "module.vpc.aws_subnet.public",
            "module.vpc.aws_vpc.main"
          ]
        }
      ]
    },
    {
      "module": "module.ecs",
      "mode": "managed",
      "type": "aws_appautoscaling_policy",
      "name": "frontend_memory",
      "provider": "provider[\"registry.terraform.io/hashicorp/aws\"]",
      "instances": [
        {
          "schema_version": 0,
          "attributes": {
            "alarm_arns": [
              "arn:aws:cloudwatch:ap-northeast-2:471464546082:alarm:TargetTracking-service/myapp-cluster/myapp-frontend-service-AlarmHigh-507d0c57-f592-4f62-b2a7-9c457a01ce65",
              "arn:aws:cloudwatch:ap-northeast-2:471464546082:alarm:TargetTracking-service/myapp-cluster/myapp-frontend-service-AlarmLow-2a6fdc42-7674-47c0-8693-ed6b6923b465"
            ],
            "arn": "arn:aws:autoscaling:ap-northeast-2:471464546082:scalingPolicy:287db683-3cc4-45c4-b082-23a59ed4349b:resource/ecs/service/myapp-cluster/myapp-frontend-service:policyName/myapp-frontend-memory-autoscaling",
            "id": "myapp-frontend-memory-autoscaling",
            "name": "myapp-frontend-memory-autoscaling",
            "policy_type": "TargetTrackingScaling",
            "resource_id": "service/myapp-cluster/myapp-frontend-service",
            "scalable_dimension": "ecs:service:DesiredCount",
            "service_namespace": "ecs",
            "step_scaling_policy_configuration": [],
            "target_tracking_scaling_policy_configuration": [
              {
                "customized_metric_specification": [],
                "disable_scale_in": false,
                "predefined_metric_specification": [
                  {
                    "predefined_metric_type": "ECSServiceAverageMemoryUtilization",
                    "resource_label": ""
                  }
                ],
                "scale_in_cooldown": 0,
                "scale_out_cooldown": 0,
                "target_value": 80
              }
            ]
          },
          "sensitive_attributes": [],
          "identity_schema_version": 0,
          "private": "bnVsbA==",
          "dependencies": [
            "aws_security_group.ecs_tasks",
            "module.alb.aws_lb.main",
            "module.alb.aws_lb_listener.http",
            "module.alb.aws_lb_listener_rule.backend_actuator",
            "module.alb.aws_lb_listener_rule.backend_api",
            "module.alb.aws_lb_listener_rule.backend_health",
            "module.alb.aws_lb_target_group.backend",
            "module.alb.aws_lb_target_group.frontend",
            "module.alb.aws_security_group.alb",
            "module.ecr.aws_ecr_repository.frontend",
            "module.ecs.aws_appautoscaling_target.frontend",
            "module.ecs.aws_ecs_cluster.main",
            "module.ecs.aws_ecs_service.frontend",
            "module.ecs.aws_ecs_task_definition.frontend",
            "module.ecs.data.aws_region.current",
            "module.iam.aws_iam_role.ecs_task_execution_role",
            "module.iam.aws_iam_role.ecs_task_role",
            "module.rds.aws_db_instance.main",
            "module.rds.aws_db_subnet_group.main",
            "module.rds.aws_secretsmanager_secret.db_password",
            "module.rds.aws_secretsmanager_secret_version.db_password",
            "module.rds.aws_security_group.rds",
            "module.rds.random_password.db_password",
            "module.vpc.aws_subnet.private",
            "module.vpc.aws_subnet.public",
            "module.vpc.aws_vpc.main"
          ]
        }
      ]
    },
    {
      "module": "module.ecs",
      "mode": "managed",
      "type": "aws_appautoscaling_target",
      "name": "backend",
      "provider": "provider[\"registry.terraform.io/hashicorp/aws\"]",
      "instances": [
        {
          "schema_version": 0,
          "attributes": {
            "arn": "arn:aws:application-autoscaling:ap-northeast-2:471464546082:scalable-target/0ec527cb1e27351944b093fb2340005e8fe2",
            "id": "service/myapp-cluster/myapp-backend-service",
            "max_capacity": 10,
            "min_capacity": 1,
            "resource_id": "service/myapp-cluster/myapp-backend-service",
            "role_arn": "arn:aws:iam::471464546082:role/aws-service-role/ecs.application-autoscaling.amazonaws.com/AWSServiceRoleForApplicationAutoScaling_ECSService",
            "scalable_dimension": "ecs:service:DesiredCount",
            "service_namespace": "ecs",
            "suspended_state": [
              {
                "dynamic_scaling_in_suspended": false,
                "dynamic_scaling_out_suspended": false,
                "scheduled_scaling_suspended": false
              }
            ],
            "tags": {},
            "tags_all": {
              "Environment": "prod",
              "ManagedBy": "Terraform",
              "Project": "myapp"
            }
          },
          "sensitive_attributes": [],
          "identity_schema_version": 0,
          "private": "bnVsbA==",
          "dependencies": [
            "aws_security_group.ecs_tasks",
            "module.alb.aws_lb.main",
            "module.alb.aws_lb_listener.http",
            "module.alb.aws_lb_listener_rule.backend_actuator",
            "module.alb.aws_lb_listener_rule.backend_api",
            "module.alb.aws_lb_listener_rule.backend_health",
            "module.alb.aws_lb_target_group.backend",
            "module.alb.aws_lb_target_group.frontend",
            "module.alb.aws_security_group.alb",
            "module.ecr.aws_ecr_repository.backend",
            "module.ecs.aws_ecs_cluster.main",
            "module.ecs.aws_ecs_service.backend",
            "module.ecs.aws_ecs_task_definition.backend",
            "module.ecs.data.aws_region.current",
            "module.iam.aws_iam_role.ecs_task_execution_role",
            "module.iam.aws_iam_role.ecs_task_role",
            "module.rds.aws_db_instance.main",
            "module.rds.aws_db_subnet_group.main",
            "module.rds.aws_secretsmanager_secret.db_password",
            "module.rds.aws_secretsmanager_secret_version.db_password",
            "module.rds.aws_security_group.rds",
            "module.rds.random_password.db_password",
            "module.vpc.aws_subnet.private",
            "module.vpc.aws_subnet.public",
            "module.vpc.aws_vpc.main"
          ]
        }
      ]
    },
    {
      "module": "module.ecs",
      "mode": "managed",
      "type": "aws_appautoscaling_target",
      "name": "frontend",
      "provider": "provider[\"registry.terraform.io/hashicorp/aws\"]",
      "instances": [
        {
          "schema_version": 0,
          "attributes": {
            "arn": "arn:aws:application-autoscaling:ap-northeast-2:471464546082:scalable-target/0ec5287db6833cc445c4b08223a59ed4349b",
            "id": "service/myapp-cluster/myapp-frontend-service",
            "max_capacity": 10,
            "min_capacity": 1,
            "resource_id": "service/myapp-cluster/myapp-frontend-service",
            "role_arn": "arn:aws:iam::471464546082:role/aws-service-role/ecs.application-autoscaling.amazonaws.com/AWSServiceRoleForApplicationAutoScaling_ECSService",
            "scalable_dimension": "ecs:service:DesiredCount",
            "service_namespace": "ecs",
            "suspended_state": [
              {
                "dynamic_scaling_in_suspended": false,
                "dynamic_scaling_out_suspended": false,
                "scheduled_scaling_suspended": false
              }
            ],
            "tags": {},
            "tags_all": {
              "Environment": "prod",
              "ManagedBy": "Terraform",
              "Project": "myapp"
            }
          },
          "sensitive_attributes": [],
          "identity_schema_version": 0,
          "private": "bnVsbA==",
          "dependencies": [
            "aws_security_group.ecs_tasks",
            "module.alb.aws_lb.main",
            "module.alb.aws_lb_listener.http",
            "module.alb.aws_lb_listener_rule.backend_actuator",
            "module.alb.aws_lb_listener_rule.backend_api",
            "module.alb.aws_lb_listener_rule.backend_health",
            "module.alb.aws_lb_target_group.backend",
            "module.alb.aws_lb_target_group.frontend",
            "module.alb.aws_security_group.alb",
            "module.ecr.aws_ecr_repository.frontend",
            "module.ecs.aws_ecs_cluster.main",
            "module.ecs.aws_ecs_service.frontend",
            "module.ecs.aws_ecs_task_definition.frontend",
            "module.ecs.data.aws_region.current",
            "module.iam.aws_iam_role.ecs_task_execution_role",
            "module.iam.aws_iam_role.ecs_task_role",
            "module.rds.aws_db_instance.main",
            "module.rds.aws_db_subnet_group.main",
            "module.rds.aws_secretsmanager_secret.db_password",
            "module.rds.aws_secretsmanager_secret_version.db_password",
            "module.rds.aws_security_group.rds",
            "module.rds.random_password.db_password",
            "module.vpc.aws_subnet.private",
            "module.vpc.aws_subnet.public",
            "module.vpc.aws_vpc.main"
          ]
        }
      ]
    },
    {
      "module": "module.ecs",
      "mode": "managed",
      "type": "aws_ecs_cluster",
      "name": "main",
      "provider": "provider[\"registry.terraform.io/hashicorp/aws\"]",
      "instances": [
        {
          "schema_version": 0,
          "attributes": {
            "arn": "arn:aws:ecs:ap-northeast-2:471464546082:cluster/myapp-cluster",
            "configuration": [],
            "id": "arn:aws:ecs:ap-northeast-2:471464546082:cluster/myapp-cluster",
            "name": "myapp-cluster",
            "service_connect_defaults": [],
            "setting": [
              {
                "name": "containerInsights",
                "value": "enabled"
              }
            ],
            "tags": {
              "Name": "myapp-cluster"
            },
            "tags_all": {
              "Environment": "prod",
              "ManagedBy": "Terraform",
              "Name": "myapp-cluster",
              "Project": "myapp"
            }
          },
          "sensitive_attributes": [],
          "identity_schema_version": 0,
          "private": "bnVsbA==",
          "dependencies": [
            "aws_security_group.ecs_tasks",
            "module.alb.aws_lb.main",
            "module.alb.aws_lb_listener.http",
            "module.alb.aws_lb_listener_rule.backend_actuator",
            "module.alb.aws_lb_listener_rule.backend_api",
            "module.alb.aws_lb_listener_rule.backend_health",
            "module.alb.aws_lb_target_group.backend",
            "module.alb.aws_lb_target_group.frontend",
            "module.alb.aws_security_group.alb",
            "module.rds.aws_db_instance.main",
            "module.rds.aws_db_subnet_group.main",
            "module.rds.aws_secretsmanager_secret.db_password",
            "module.rds.aws_secretsmanager_secret_version.db_password",
            "module.rds.aws_security_group.rds",
            "module.rds.random_password.db_password",
            "module.vpc.aws_subnet.private",
            "module.vpc.aws_subnet.public",
            "module.vpc.aws_vpc.main"
          ]
        }
      ]
    },
    {
      "module": "module.ecs",
      "mode": "managed",
      "type": "aws_ecs_service",
      "name": "backend",
      "provider": "provider[\"registry.terraform.io/hashicorp/aws\"]",
      "instances": [
        {
          "schema_version": 1,
          "attributes": {
            "alarms": [],
            "availability_zone_rebalancing": "DISABLED",
            "capacity_provider_strategy": [],
            "cluster": "arn:aws:ecs:ap-northeast-2:471464546082:cluster/myapp-cluster",
            "deployment_circuit_breaker": [
              {
                "enable": false,
                "rollback": false
              }
            ],
            "deployment_controller": [
              {
                "type": "ECS"
              }
            ],
            "deployment_maximum_percent": 200,
            "deployment_minimum_healthy_percent": 100,
            "desired_count": 1,
            "enable_ecs_managed_tags": false,
            "enable_execute_command": false,
            "force_delete": null,
            "force_new_deployment": null,
            "health_check_grace_period_seconds": 0,
            "iam_role": "/aws-service-role/ecs.amazonaws.com/AWSServiceRoleForECS",
            "id": "arn:aws:ecs:ap-northeast-2:471464546082:service/myapp-cluster/myapp-backend-service",
            "launch_type": "FARGATE",
            "load_balancer": [
              {
                "container_name": "backend",
                "container_port": 8080,
                "elb_name": "",
                "target_group_arn": "arn:aws:elasticloadbalancing:ap-northeast-2:471464546082:targetgroup/myapp-backend-tg/20d3d642f161b4a3"
              }
            ],
            "name": "myapp-backend-service",
            "network_configuration": [
              {
                "assign_public_ip": false,
                "security_groups": [
                  "sg-09f5de926e34bb924"
                ],
                "subnets": [
                  "subnet-027c582733b3d79fb",
                  "subnet-0f3a154d68d9f4f3e"
                ]
              }
            ],
            "ordered_placement_strategy": [],
            "placement_constraints": [],
            "platform_version": "LATEST",
            "propagate_tags": "NONE",
            "scheduling_strategy": "REPLICA",
            "service_connect_configuration": [],
            "service_registries": [],
            "tags": {
              "Name": "myapp-backend-service"
            },
            "tags_all": {
              "Environment": "prod",
              "ManagedBy": "Terraform",
              "Name": "myapp-backend-service",
              "Project": "myapp"
            },
            "task_definition": "arn:aws:ecs:ap-northeast-2:471464546082:task-definition/myapp-backend-task:2",
            "timeouts": null,
            "triggers": {},
            "volume_configuration": [],
            "vpc_lattice_configurations": [],
            "wait_for_steady_state": false
          },
          "sensitive_attributes": [],
          "identity_schema_version": 0,
          "private": "eyJlMmJmYjczMC1lY2FhLTExZTYtOGY4OC0zNDM2M2JjN2M0YzAiOnsiY3JlYXRlIjoxMjAwMDAwMDAwMDAwLCJkZWxldGUiOjEyMDAwMDAwMDAwMDAsInVwZGF0ZSI6MTIwMDAwMDAwMDAwMH0sInNjaGVtYV92ZXJzaW9uIjoiMSJ9",
          "dependencies": [
            "aws_security_group.ecs_tasks",
            "module.alb.aws_lb.main",
            "module.alb.aws_lb_listener.http",
            "module.alb.aws_lb_listener_rule.backend_actuator",
            "module.alb.aws_lb_listener_rule.backend_api",
            "module.alb.aws_lb_listener_rule.backend_health",
            "module.alb.aws_lb_target_group.backend",
            "module.alb.aws_lb_target_group.frontend",
            "module.alb.aws_security_group.alb",
            "module.ecr.aws_ecr_repository.backend",
            "module.ecs.aws_ecs_cluster.main",
            "module.ecs.aws_ecs_task_definition.backend",
            "module.ecs.aws_security_group.ecs_tasks",
            "module.ecs.data.aws_region.current",
            "module.iam.aws_iam_role.ecs_task_execution_role",
            "module.iam.aws_iam_role.ecs_task_role",
            "module.rds.aws_db_instance.main",
            "module.rds.aws_db_subnet_group.main",
            "module.rds.aws_secretsmanager_secret.db_password",
            "module.rds.aws_secretsmanager_secret_version.db_password",
            "module.rds.aws_security_group.rds",
            "module.rds.random_password.db_password",
            "module.vpc.aws_subnet.private",
            "module.vpc.aws_subnet.public",
            "module.vpc.aws_vpc.main"
          ]
        }
      ]
    },
    {
      "module": "module.ecs",
      "mode": "managed",
      "type": "aws_ecs_service",
      "name": "frontend",
      "provider": "provider[\"registry.terraform.io/hashicorp/aws\"]",
      "instances": [
        {
          "schema_version": 1,
          "attributes": {
            "alarms": [],
            "availability_zone_rebalancing": "DISABLED",
            "capacity_provider_strategy": [],
            "cluster": "arn:aws:ecs:ap-northeast-2:471464546082:cluster/myapp-cluster",
            "deployment_circuit_breaker": [
              {
                "enable": false,
                "rollback": false
              }
            ],
            "deployment_controller": [
              {
                "type": "ECS"
              }
            ],
            "deployment_maximum_percent": 200,
            "deployment_minimum_healthy_percent": 100,
            "desired_count": 1,
            "enable_ecs_managed_tags": false,
            "enable_execute_command": false,
            "force_delete": null,
            "force_new_deployment": null,
            "health_check_grace_period_seconds": 0,
            "iam_role": "/aws-service-role/ecs.amazonaws.com/AWSServiceRoleForECS",
            "id": "arn:aws:ecs:ap-northeast-2:471464546082:service/myapp-cluster/myapp-frontend-service",
            "launch_type": "FARGATE",
            "load_balancer": [
              {
                "container_name": "frontend",
                "container_port": 80,
                "elb_name": "",
                "target_group_arn": "arn:aws:elasticloadbalancing:ap-northeast-2:471464546082:targetgroup/myapp-frontend-tg/fbbd57137a2887d5"
              }
            ],
            "name": "myapp-frontend-service",
            "network_configuration": [
              {
                "assign_public_ip": false,
                "security_groups": [
                  "sg-09f5de926e34bb924"
                ],
                "subnets": [
                  "subnet-027c582733b3d79fb",
                  "subnet-0f3a154d68d9f4f3e"
                ]
              }
            ],
            "ordered_placement_strategy": [],
            "placement_constraints": [],
            "platform_version": "LATEST",
            "propagate_tags": "NONE",
            "scheduling_strategy": "REPLICA",
            "service_connect_configuration": [],
            "service_registries": [],
            "tags": {
              "Name": "myapp-frontend-service"
            },
            "tags_all": {
              "Environment": "prod",
              "ManagedBy": "Terraform",
              "Name": "myapp-frontend-service",
              "Project": "myapp"
            },
            "task_definition": "arn:aws:ecs:ap-northeast-2:471464546082:task-definition/myapp-frontend-task:4",
            "timeouts": null,
            "triggers": {},
            "volume_configuration": [],
            "vpc_lattice_configurations": [],
            "wait_for_steady_state": false
          },
          "sensitive_attributes": [],
          "identity_schema_version": 0,
          "private": "eyJlMmJmYjczMC1lY2FhLTExZTYtOGY4OC0zNDM2M2JjN2M0YzAiOnsiY3JlYXRlIjoxMjAwMDAwMDAwMDAwLCJkZWxldGUiOjEyMDAwMDAwMDAwMDAsInVwZGF0ZSI6MTIwMDAwMDAwMDAwMH0sInNjaGVtYV92ZXJzaW9uIjoiMSJ9",
          "dependencies": [
            "aws_security_group.ecs_tasks",
            "module.alb.aws_lb.main",
            "module.alb.aws_lb_listener.http",
            "module.alb.aws_lb_listener_rule.backend_actuator",
            "module.alb.aws_lb_listener_rule.backend_api",
            "module.alb.aws_lb_listener_rule.backend_health",
            "module.alb.aws_lb_target_group.backend",
            "module.alb.aws_lb_target_group.frontend",
            "module.alb.aws_security_group.alb",
            "module.ecr.aws_ecr_repository.frontend",
            "module.ecs.aws_ecs_cluster.main",
            "module.ecs.aws_ecs_task_definition.frontend",
            "module.ecs.aws_security_group.ecs_tasks",
            "module.ecs.data.aws_region.current",
            "module.iam.aws_iam_role.ecs_task_execution_role",
            "module.iam.aws_iam_role.ecs_task_role",
            "module.rds.aws_db_instance.main",
            "module.rds.aws_db_subnet_group.main",
            "module.rds.aws_secretsmanager_secret.db_password",
            "module.rds.aws_secretsmanager_secret_version.db_password",
            "module.rds.aws_security_group.rds",
            "module.rds.random_password.db_password",
            "module.vpc.aws_subnet.private",
            "module.vpc.aws_subnet.public",
            "module.vpc.aws_vpc.main"
          ]
        }
      ]
    },
    {
      "module": "module.ecs",
      "mode": "managed",
      "type": "aws_security_group",
      "name": "ecs_tasks",
      "provider": "provider[\"registry.terraform.io/hashicorp/aws\"]",
      "instances": [
        {
          "schema_version": 1,
          "attributes": {
            "arn": "arn:aws:ec2:ap-northeast-2:471464546082:security-group/sg-09f5de926e34bb924",
            "description": "Security group for ECS tasks",
            "egress": [
              {
                "cidr_blocks": [
                  "0.0.0.0/0"
                ],
                "description": "Allow all outbound traffic",
                "from_port": 0,
                "ipv6_cidr_blocks": [],
                "prefix_list_ids": [],
                "protocol": "-1",
                "security_groups": [],
                "self": false,
                "to_port": 0
              }
            ],
            "id": "sg-09f5de926e34bb924",
            "ingress": [
              {
                "cidr_blocks": [],
                "description": "Allow traffic from ALB",
                "from_port": 0,
                "ipv6_cidr_blocks": [],
                "prefix_list_ids": [],
                "protocol": "tcp",
                "security_groups": [
                  "sg-06302f93759eb88b2"
                ],
                "self": false,
                "to_port": 65535
              }
            ],
            "name": "myapp-ecs-tasks-sg",
            "name_prefix": "",
            "owner_id": "471464546082",
            "revoke_rules_on_delete": false,
            "tags": {
              "Name": "myapp-ecs-tasks-sg"
            },
            "tags_all": {
              "Environment": "prod",
              "ManagedBy": "Terraform",
              "Name": "myapp-ecs-tasks-sg",
              "Project": "myapp"
            },
            "timeouts": null,
            "vpc_id": "vpc-000aa297bd9cca28c"
          },
          "sensitive_attributes": [],
          "identity_schema_version": 0,
          "private": "eyJlMmJmYjczMC1lY2FhLTExZTYtOGY4OC0zNDM2M2JjN2M0YzAiOnsiY3JlYXRlIjo2MDAwMDAwMDAwMDAsImRlbGV0ZSI6OTAwMDAwMDAwMDAwfSwic2NoZW1hX3ZlcnNpb24iOiIxIn0=",
          "dependencies": [
            "module.alb.aws_lb.main",
            "module.alb.aws_lb_listener.http",
            "module.alb.aws_lb_listener_rule.backend_actuator",
            "module.alb.aws_lb_listener_rule.backend_api",
            "module.alb.aws_lb_listener_rule.backend_health",
            "module.alb.aws_lb_target_group.backend",
            "module.alb.aws_lb_target_group.frontend",
            "module.alb.aws_security_group.alb",
            "module.vpc.aws_subnet.public",
            "module.vpc.aws_vpc.main"
          ]
        }
      ]
    },
    {
      "module": "module.iam",
      "mode": "managed",
      "type": "aws_iam_role",
      "name": "ecs_task_execution_role",
      "provider": "provider[\"registry.terraform.io/hashicorp/aws\"]",
      "instances": [
        {
          "schema_version": 0,
          "attributes": {
            "arn": "arn:aws:iam::471464546082:role/myapp-ecs-task-execution-role",
            "assume_role_policy": "{\"Statement\":[{\"Action\":\"sts:AssumeRole\",\"Effect\":\"Allow\",\"Principal\":{\"Service\":\"ecs-tasks.amazonaws.com\"}}],\"Version\":\"2012-10-17\"}",
            "create_date": "2025-11-20T06:13:29Z",
            "description": "",
            "force_detach_policies": false,
            "id": "myapp-ecs-task-execution-role",
            "inline_policy": [
              {
                "name": "myapp-ecs-task-execution-additional",
                "policy": "{\"Version\":\"2012-10-17\",\"Statement\":[{\"Action\":[\"ecr:GetAuthorizationToken\",\"ecr:BatchCheckLayerAvailability\",\"ecr:GetDownloadUrlForLayer\",\"ecr:BatchGetImage\"],\"Effect\":\"Allow\",\"Resource\":\"*\"},{\"Action\":[\"logs:CreateLogStream\",\"logs:PutLogEvents\"],\"Effect\":\"Allow\",\"Resource\":\"*\"},{\"Action\":[\"secretsmanager:GetSecretValue\"],\"Effect\":\"Allow\",\"Resource\":\"*\"}]}"
              }
            ],
            "managed_policy_arns": [
              "arn:aws:iam::aws:policy/service-role/AmazonECSTaskExecutionRolePolicy"
            ],
            "max_session_duration": 3600,
            "name": "myapp-ecs-task-execution-role",
            "name_prefix": "",
            "path": "/",
            "permissions_boundary": "",
            "tags": {
              "Name": "myapp-ecs-task-execution-role"
            },
            "tags_all": {
              "Environment": "prod",
              "ManagedBy": "Terraform",
              "Name": "myapp-ecs-task-execution-role",
              "Project": "myapp"
            },
            "unique_id": "AROAW3RL2B4RPWCV7K3FZ"
          },
          "sensitive_attributes": [],
          "identity_schema_version": 0,
          "private": "bnVsbA=="
        }
      ]
    },
    {
      "module": "module.iam",
      "mode": "managed",
      "type": "aws_iam_role",
      "name": "ecs_task_role",
      "provider": "provider[\"registry.terraform.io/hashicorp/aws\"]",
      "instances": [
        {
          "schema_version": 0,
          "attributes": {
            "arn": "arn:aws:iam::471464546082:role/myapp-ecs-task-role",
            "assume_role_policy": "{\"Statement\":[{\"Action\":\"sts:AssumeRole\",\"Effect\":\"Allow\",\"Principal\":{\"Service\":\"ecs-tasks.amazonaws.com\"}}],\"Version\":\"2012-10-17\"}",
            "create_date": "2025-11-20T06:13:29Z",
            "description": "",
            "force_detach_policies": false,
            "id": "myapp-ecs-task-role",
            "inline_policy": [
              {
                "name": "myapp-ecs-task-policy",
                "policy": "{\"Version\":\"2012-10-17\",\"Statement\":[{\"Action\":[\"logs:CreateLogGroup\",\"logs:CreateLogStream\",\"logs:PutLogEvents\"],\"Effect\":\"Allow\",\"Resource\":\"*\"}]}"
              }
            ],
            "managed_policy_arns": [],
            "max_session_duration": 3600,
            "name": "myapp-ecs-task-role",
            "name_prefix": "",
            "path": "/",
            "permissions_boundary": "",
            "tags": {
              "Name": "myapp-ecs-task-role"
            },
            "tags_all": {
              "Environment": "prod",
              "ManagedBy": "Terraform",
              "Name": "myapp-ecs-task-role",
              "Project": "myapp"
            },
            "unique_id": "AROAW3RL2B4RANQFLUAX5"
          },
          "sensitive_attributes": [],
          "identity_schema_version": 0,
          "private": "bnVsbA=="
        }
      ]
    },
    {
      "module": "module.iam",
      "mode": "managed",
      "type": "aws_iam_role_policy",
      "name": "ecs_task_execution_additional",
      "provider": "provider[\"registry.terraform.io/hashicorp/aws\"]",
      "instances": [
        {
          "schema_version": 0,
          "attributes": {
            "id": "myapp-ecs-task-execution-role:myapp-ecs-task-execution-additional",
            "name": "myapp-ecs-task-execution-additional",
            "name_prefix": "",
            "policy": "{\"Version\":\"2012-10-17\",\"Statement\":[{\"Action\":[\"ecr:GetAuthorizationToken\",\"ecr:BatchCheckLayerAvailability\",\"ecr:GetDownloadUrlForLayer\",\"ecr:BatchGetImage\"],\"Effect\":\"Allow\",\"Resource\":\"*\"},{\"Action\":[\"logs:CreateLogStream\",\"logs:PutLogEvents\"],\"Effect\":\"Allow\",\"Resource\":\"*\"},{\"Action\":[\"secretsmanager:GetSecretValue\"],\"Effect\":\"Allow\",\"Resource\":\"*\"}]}",
            "role": "myapp-ecs-task-execution-role"
          },
          "sensitive_attributes": [],
          "identity_schema_version": 0,
          "private": "bnVsbA==",
          "dependencies": [
            "module.iam.aws_iam_role.ecs_task_execution_role"
          ]
        }
      ]
    },
    {
      "module": "module.iam",
      "mode": "managed",
      "type": "aws_iam_role_policy",
      "name": "ecs_task_role_policy",
      "provider": "provider[\"registry.terraform.io/hashicorp/aws\"]",
      "instances": [
        {
          "schema_version": 0,
          "attributes": {
            "id": "myapp-ecs-task-role:myapp-ecs-task-policy",
            "name": "myapp-ecs-task-policy",
            "name_prefix": "",
            "policy": "{\"Version\":\"2012-10-17\",\"Statement\":[{\"Action\":[\"logs:CreateLogGroup\",\"logs:CreateLogStream\",\"logs:PutLogEvents\"],\"Effect\":\"Allow\",\"Resource\":\"*\"}]}",
            "role": "myapp-ecs-task-role"
          },
          "sensitive_attributes": [],
          "identity_schema_version": 0,
          "private": "bnVsbA==",
          "dependencies": [
            "module.iam.aws_iam_role.ecs_task_role"
          ]
        }
      ]
    },
    {
      "module": "module.iam",
      "mode": "managed",
      "type": "aws_iam_role_policy_attachment",
      "name": "ecs_task_execution_role_policy",
      "provider": "provider[\"registry.terraform.io/hashicorp/aws\"]",
      "instances": [
        {
          "schema_version": 0,
          "attributes": {
            "id": "myapp-ecs-task-execution-role-20251120061330487800000001",
            "policy_arn": "arn:aws:iam::aws:policy/service-role/AmazonECSTaskExecutionRolePolicy",
            "role": "myapp-ecs-task-execution-role"
          },
          "sensitive_attributes": [],
          "identity_schema_version": 0,
          "private": "bnVsbA==",
          "dependencies": [
            "module.iam.aws_iam_role.ecs_task_execution_role"
          ]
        }
      ]
    },
    {
      "module": "module.rds",
      "mode": "managed",
      "type": "aws_db_subnet_group",
      "name": "main",
      "provider": "provider[\"registry.terraform.io/hashicorp/aws\"]",
      "instances": [
        {
          "schema_version": 0,
          "attributes": {
            "arn": "arn:aws:rds:ap-northeast-2:471464546082:subgrp:myapp-db-subnet-group",
            "description": "Managed by Terraform",
            "id": "myapp-db-subnet-group",
            "name": "myapp-db-subnet-group",
            "name_prefix": "",
            "subnet_ids": [
              "subnet-027c582733b3d79fb",
              "subnet-0f3a154d68d9f4f3e"
            ],
            "supported_network_types": [
              "IPV4"
            ],
            "tags": {
              "Name": "myapp-db-subnet-group"
            },
            "tags_all": {
              "Environment": "prod",
              "ManagedBy": "Terraform",
              "Name": "myapp-db-subnet-group",
              "Project": "myapp"
            },
            "vpc_id": "vpc-000aa297bd9cca28c"
          },
          "sensitive_attributes": [],
          "identity_schema_version": 0,
          "private": "bnVsbA==",
          "dependencies": [
            "module.vpc.aws_subnet.private",
            "module.vpc.aws_vpc.main"
          ]
        }
      ]
    },
    {
      "module": "module.rds",
      "mode": "managed",
      "type": "aws_secretsmanager_secret",
      "name": "db_password",
      "provider": "provider[\"registry.terraform.io/hashicorp/aws\"]",
      "instances": [
        {
          "schema_version": 0,
          "attributes": {
            "arn": "arn:aws:secretsmanager:ap-northeast-2:471464546082:secret:myapp-db-password-GMfisB",
            "description": "",
            "force_overwrite_replica_secret": false,
            "id": "arn:aws:secretsmanager:ap-northeast-2:471464546082:secret:myapp-db-password-GMfisB",
            "kms_key_id": "",
            "name": "myapp-db-password",
            "name_prefix": "",
            "policy": "",
            "recovery_window_in_days": 0,
            "replica": [],
            "tags": {
              "Name": "myapp-db-password"
            },
            "tags_all": {
              "Environment": "prod",
              "ManagedBy": "Terraform",
              "Name": "myapp-db-password",
              "Project": "myapp"
            }
          },
          "sensitive_attributes": [],
          "identity_schema_version": 0,
          "private": "bnVsbA=="
        }
      ]
    },
    {
      "module": "module.rds",
      "mode": "managed",
      "type": "random_password",
      "name": "db_password",
      "provider": "provider[\"registry.terraform.io/hashicorp/random\"]",
      "instances": [
        {
          "schema_version": 3,
          "attributes": {
            "bcrypt_hash": "$2a$10$P.iT5a4Q6YB9JrDXq2jJOOzYU/Kg.ebQw7PUS17z8fft2u4mb.dRK",
            "id": "none",
            "keepers": null,
            "length": 16,
            "lower": true,
            "min_lower": 0,
            "min_numeric": 0,
            "min_special": 0,
            "min_upper": 0,
            "number": true,
            "numeric": true,
            "override_special": "!#$%\u0026*()-_=+[]{}\u003c\u003e:?",
            "result": "_2G48g785l$:I5gN",
            "special": true,
            "upper": true
          },
          "sensitive_attributes": [
            [
              {
                "type": "get_attr",
                "value": "bcrypt_hash"
              }
            ],
            [
              {
                "type": "get_attr",
                "value": "result"
              }
            ]
          ],
          "identity_schema_version": 0
        }
      ]
    },
    {
      "module": "module.vpc",
      "mode": "managed",
      "type": "aws_eip",
      "name": "nat",
      "provider": "provider[\"registry.terraform.io/hashicorp/aws\"]",
      "instances": [
        {
          "index_key": 0,
          "schema_version": 0,
          "attributes": {
            "address": null,
            "allocation_id": "eipalloc-0276275a53a68540a",
            "arn": "arn:aws:ec2:ap-northeast-2:471464546082:elastic-ip/eipalloc-0276275a53a68540a",
            "associate_with_private_ip": null,
            "association_id": "eipassoc-0923faca14e129c03",
            "carrier_ip": "",
            "customer_owned_ip": "",
            "customer_owned_ipv4_pool": "",
            "domain": "vpc",
            "id": "eipalloc-0276275a53a68540a",
            "instance": "",
            "ipam_pool_id": null,
            "network_border_group": "ap-northeast-2",
            "network_interface": "eni-0908e14167be8acc6",
            "private_dns": "ip-10-0-0-109.ap-northeast-2.compute.internal",
            "private_ip": "10.0.0.109",
            "ptr_record": "",
            "public_dns": "ec2-43-203-67-59.ap-northeast-2.compute.amazonaws.com",
            "public_ip": "43.203.67.59",
            "public_ipv4_pool": "amazon",
            "tags": {
              "Name": "myapp-nat-eip-1"
            },
            "tags_all": {
              "Environment": "prod",
              "ManagedBy": "Terraform",
              "Name": "myapp-nat-eip-1",
              "Project": "myapp"
            },
            "timeouts": null,
            "vpc": true
          },
          "sensitive_attributes": [],
          "identity_schema_version": 0,
          "private": "eyJlMmJmYjczMC1lY2FhLTExZTYtOGY4OC0zNDM2M2JjN2M0YzAiOnsiZGVsZXRlIjoxODAwMDAwMDAwMDAsInJlYWQiOjkwMDAwMDAwMDAwMCwidXBkYXRlIjozMDAwMDAwMDAwMDB9fQ==",
          "dependencies": [
            "module.vpc.aws_internet_gateway.main",
            "module.vpc.aws_vpc.main"
          ]
        },
        {
          "index_key": 1,
          "schema_version": 0,
          "attributes": {
            "address": null,
            "allocation_id": "eipalloc-06db93ac51ffc4cba",
            "arn": "arn:aws:ec2:ap-northeast-2:471464546082:elastic-ip/eipalloc-06db93ac51ffc4cba",
            "associate_with_private_ip": null,
            "association_id": "eipassoc-0cc49ca44b6dd9a99",
            "carrier_ip": "",
            "customer_owned_ip": "",
            "customer_owned_ipv4_pool": "",
            "domain": "vpc",
            "id": "eipalloc-06db93ac51ffc4cba",
            "instance": "",
            "ipam_pool_id": null,
            "network_border_group": "ap-northeast-2",
            "network_interface": "eni-03b189b21b3d8d5d0",
            "private_dns": "ip-10-0-1-58.ap-northeast-2.compute.internal",
            "private_ip": "10.0.1.58",
            "ptr_record": "",
            "public_dns": "ec2-54-116-21-36.ap-northeast-2.compute.amazonaws.com",
            "public_ip": "54.116.21.36",
            "public_ipv4_pool": "amazon",
            "tags": {
              "Name": "myapp-nat-eip-2"
            },
            "tags_all": {
              "Environment": "prod",
              "ManagedBy": "Terraform",
              "Name": "myapp-nat-eip-2",
              "Project": "myapp"
            },
            "timeouts": null,
            "vpc": true
          },
          "sensitive_attributes": [],
          "identity_schema_version": 0,
          "private": "eyJlMmJmYjczMC1lY2FhLTExZTYtOGY4OC0zNDM2M2JjN2M0YzAiOnsiZGVsZXRlIjoxODAwMDAwMDAwMDAsInJlYWQiOjkwMDAwMDAwMDAwMCwidXBkYXRlIjozMDAwMDAwMDAwMDB9fQ==",
          "dependencies": [
            "module.vpc.aws_internet_gateway.main",
            "module.vpc.aws_vpc.main"
          ]
        }
      ]
    },
    {
      "module": "module.vpc",
      "mode": "managed",
      "type": "aws_internet_gateway",
      "name": "main",
      "provider": "provider[\"registry.terraform.io/hashicorp/aws\"]",
      "instances": [
        {
          "schema_version": 0,
          "attributes": {
            "arn": "arn:aws:ec2:ap-northeast-2:471464546082:internet-gateway/igw-0a1285626ed603dad",
            "id": "igw-0a1285626ed603dad",
            "owner_id": "471464546082",
            "tags": {
              "Name": "myapp-igw"
            },
            "tags_all": {
              "Environment": "prod",
              "ManagedBy": "Terraform",
              "Name": "myapp-igw",
              "Project": "myapp"
            },
            "timeouts": null,
            "vpc_id": "vpc-000aa297bd9cca28c"
          },
          "sensitive_attributes": [],
          "identity_schema_version": 0,
          "private": "eyJlMmJmYjczMC1lY2FhLTExZTYtOGY4OC0zNDM2M2JjN2M0YzAiOnsiY3JlYXRlIjoxMjAwMDAwMDAwMDAwLCJkZWxldGUiOjEyMDAwMDAwMDAwMDAsInVwZGF0ZSI6MTIwMDAwMDAwMDAwMH19",
          "dependencies": [
            "module.vpc.aws_vpc.main"
          ]
        }
      ]
    },
    {
      "module": "module.vpc",
      "mode": "managed",
      "type": "aws_nat_gateway",
      "name": "main",
      "provider": "provider[\"registry.terraform.io/hashicorp/aws\"]",
      "instances": [
        {
          "index_key": 0,
          "schema_version": 0,
          "attributes": {
            "allocation_id": "eipalloc-0276275a53a68540a",
            "association_id": "eipassoc-0923faca14e129c03",
            "connectivity_type": "public",
            "id": "nat-0f8b2f132f62c79c9",
            "network_interface_id": "eni-0908e14167be8acc6",
            "private_ip": "10.0.0.109",
            "public_ip": "43.203.67.59",
            "secondary_allocation_ids": [],
            "secondary_private_ip_address_count": 0,
            "secondary_private_ip_addresses": [],
            "subnet_id": "subnet-02cc124984de504b6",
            "tags": {
              "Name": "myapp-nat-1"
            },
            "tags_all": {
              "Environment": "prod",
              "ManagedBy": "Terraform",
              "Name": "myapp-nat-1",
              "Project": "myapp"
            },
            "timeouts": null
          },
          "sensitive_attributes": [],
          "identity_schema_version": 0,
          "private": "eyJlMmJmYjczMC1lY2FhLTExZTYtOGY4OC0zNDM2M2JjN2M0YzAiOnsiY3JlYXRlIjo2MDAwMDAwMDAwMDAsImRlbGV0ZSI6MTgwMDAwMDAwMDAwMCwidXBkYXRlIjo2MDAwMDAwMDAwMDB9fQ==",
          "dependencies": [
            "module.vpc.aws_eip.nat",
            "module.vpc.aws_internet_gateway.main",
            "module.vpc.aws_subnet.public",
            "module.vpc.aws_vpc.main"
          ]
        },
        {
          "index_key": 1,
          "schema_version": 0,
          "attributes": {
            "allocation_id": "eipalloc-06db93ac51ffc4cba",
            "association_id": "eipassoc-0cc49ca44b6dd9a99",
            "connectivity_type": "public",
            "id": "nat-0df450863d57b5ff2",
            "network_interface_id": "eni-03b189b21b3d8d5d0",
            "private_ip": "10.0.1.58",
            "public_ip": "54.116.21.36",
            "secondary_allocation_ids": [],
            "secondary_private_ip_address_count": 0,
            "secondary_private_ip_addresses": [],
            "subnet_id": "subnet-0b59d7645a7d44a60",
            "tags": {
              "Name": "myapp-nat-2"
            },
            "tags_all": {
              "Environment": "prod",
              "ManagedBy": "Terraform",
              "Name": "myapp-nat-2",
              "Project": "myapp"
            },
            "timeouts": null
          },
          "sensitive_attributes": [],
          "identity_schema_version": 0,
          "private": "eyJlMmJmYjczMC1lY2FhLTExZTYtOGY4OC0zNDM2M2JjN2M0YzAiOnsiY3JlYXRlIjo2MDAwMDAwMDAwMDAsImRlbGV0ZSI6MTgwMDAwMDAwMDAwMCwidXBkYXRlIjo2MDAwMDAwMDAwMDB9fQ==",
          "dependencies": [
            "module.vpc.aws_eip.nat",
            "module.vpc.aws_internet_gateway.main",
            "module.vpc.aws_subnet.public",
            "module.vpc.aws_vpc.main"
          ]
        }
      ]
    },
    {
      "module": "module.vpc",
      "mode": "managed",
      "type": "aws_route_table",
      "name": "private",
      "provider": "provider[\"registry.terraform.io/hashicorp/aws\"]",
      "instances": [
        {
          "index_key": 0,
          "schema_version": 0,
          "attributes": {
            "arn": "arn:aws:ec2:ap-northeast-2:471464546082:route-table/rtb-0c6ec8492f98ca284",
            "id": "rtb-0c6ec8492f98ca284",
            "owner_id": "471464546082",
            "propagating_vgws": [],
            "route": [
              {
                "carrier_gateway_id": "",
                "cidr_block": "0.0.0.0/0",
                "core_network_arn": "",
                "destination_prefix_list_id": "",
                "egress_only_gateway_id": "",
                "gateway_id": "",
                "ipv6_cidr_block": "",
                "local_gateway_id": "",
                "nat_gateway_id": "nat-0f8b2f132f62c79c9",
                "network_interface_id": "",
                "transit_gateway_id": "",
                "vpc_endpoint_id": "",
                "vpc_peering_connection_id": ""
              }
            ],
            "tags": {
              "Name": "myapp-private-rt-1"
            },
            "tags_all": {
              "Environment": "prod",
              "ManagedBy": "Terraform",
              "Name": "myapp-private-rt-1",
              "Project": "myapp"
            },
            "timeouts": null,
            "vpc_id": "vpc-000aa297bd9cca28c"
          },
          "sensitive_attributes": [],
          "identity_schema_version": 0,
          "private": "eyJlMmJmYjczMC1lY2FhLTExZTYtOGY4OC0zNDM2M2JjN2M0YzAiOnsiY3JlYXRlIjozMDAwMDAwMDAwMDAsImRlbGV0ZSI6MzAwMDAwMDAwMDAwLCJ1cGRhdGUiOjEyMDAwMDAwMDAwMH19",
          "dependencies": [
            "module.vpc.aws_eip.nat",
            "module.vpc.aws_internet_gateway.main",
            "module.vpc.aws_nat_gateway.main",
            "module.vpc.aws_subnet.public",
            "module.vpc.aws_vpc.main"
          ]
        },
        {
          "index_key": 1,
          "schema_version": 0,
          "attributes": {
            "arn": "arn:aws:ec2:ap-northeast-2:471464546082:route-table/rtb-03123a516dba82cac",
            "id": "rtb-03123a516dba82cac",
            "owner_id": "471464546082",
            "propagating_vgws": [],
            "route": [
              {
                "carrier_gateway_id": "",
                "cidr_block": "0.0.0.0/0",
                "core_network_arn": "",
                "destination_prefix_list_id": "",
                "egress_only_gateway_id": "",
                "gateway_id": "",
                "ipv6_cidr_block": "",
                "local_gateway_id": "",
                "nat_gateway_id": "nat-0df450863d57b5ff2",
                "network_interface_id": "",
                "transit_gateway_id": "",
                "vpc_endpoint_id": "",
                "vpc_peering_connection_id": ""
              }
            ],
            "tags": {
              "Name": "myapp-private-rt-2"
            },
            "tags_all": {
              "Environment": "prod",
              "ManagedBy": "Terraform",
              "Name": "myapp-private-rt-2",
              "Project": "myapp"
            },
            "timeouts": null,
            "vpc_id": "vpc-000aa297bd9cca28c"
          },
          "sensitive_attributes": [],
          "identity_schema_version": 0,
          "private": "eyJlMmJmYjczMC1lY2FhLTExZTYtOGY4OC0zNDM2M2JjN2M0YzAiOnsiY3JlYXRlIjozMDAwMDAwMDAwMDAsImRlbGV0ZSI6MzAwMDAwMDAwMDAwLCJ1cGRhdGUiOjEyMDAwMDAwMDAwMH19",
          "dependencies": [
            "module.vpc.aws_eip.nat",
            "module.vpc.aws_internet_gateway.main",
            "module.vpc.aws_nat_gateway.main",
            "module.vpc.aws_subnet.public",
            "module.vpc.aws_vpc.main"
          ]
        }
      ]
    },
    {
      "module": "module.vpc",
      "mode": "managed",
      "type": "aws_route_table",
      "name": "public",
      "provider": "provider[\"registry.terraform.io/hashicorp/aws\"]",
      "instances": [
        {
          "schema_version": 0,
          "attributes": {
            "arn": "arn:aws:ec2:ap-northeast-2:471464546082:route-table/rtb-0f5359538baec6480",
            "id": "rtb-0f5359538baec6480",
            "owner_id": "471464546082",
            "propagating_vgws": [],
            "route": [
              {
                "carrier_gateway_id": "",
                "cidr_block": "0.0.0.0/0",
                "core_network_arn": "",
                "destination_prefix_list_id": "",
                "egress_only_gateway_id": "",
                "gateway_id": "igw-0a1285626ed603dad",
                "ipv6_cidr_block": "",
                "local_gateway_id": "",
                "nat_gateway_id": "",
                "network_interface_id": "",
                "transit_gateway_id": "",
                "vpc_endpoint_id": "",
                "vpc_peering_connection_id": ""
              }
            ],
            "tags": {
              "Name": "myapp-public-rt"
            },
            "tags_all": {
              "Environment": "prod",
              "ManagedBy": "Terraform",
              "Name": "myapp-public-rt",
              "Project": "myapp"
            },
            "timeouts": null,
            "vpc_id": "vpc-000aa297bd9cca28c"
          },
          "sensitive_attributes": [],
          "identity_schema_version": 0,
          "private": "eyJlMmJmYjczMC1lY2FhLTExZTYtOGY4OC0zNDM2M2JjN2M0YzAiOnsiY3JlYXRlIjozMDAwMDAwMDAwMDAsImRlbGV0ZSI6MzAwMDAwMDAwMDAwLCJ1cGRhdGUiOjEyMDAwMDAwMDAwMH19",
          "dependencies": [
            "module.vpc.aws_internet_gateway.main",
            "module.vpc.aws_vpc.main"
          ]
        }
      ]
    },
    {
      "module": "module.vpc",
      "mode": "managed",
      "type": "aws_route_table_association",
      "name": "private",
      "provider": "provider[\"registry.terraform.io/hashicorp/aws\"]",
      "instances": [
        {
          "index_key": 0,
          "schema_version": 0,
          "attributes": {
            "gateway_id": "",
            "id": "rtbassoc-0215077ddee186311",
            "route_table_id": "rtb-0c6ec8492f98ca284",
            "subnet_id": "subnet-027c582733b3d79fb",
            "timeouts": null
          },
          "sensitive_attributes": [],
          "identity_schema_version": 0,
          "private": "eyJlMmJmYjczMC1lY2FhLTExZTYtOGY4OC0zNDM2M2JjN2M0YzAiOnsiY3JlYXRlIjozMDAwMDAwMDAwMDAsImRlbGV0ZSI6MzAwMDAwMDAwMDAwLCJ1cGRhdGUiOjEyMDAwMDAwMDAwMH19",
          "dependencies": [
            "module.vpc.aws_eip.nat",
            "module.vpc.aws_internet_gateway.main",
            "module.vpc.aws_nat_gateway.main",
            "module.vpc.aws_route_table.private",
            "module.vpc.aws_subnet.private",
            "module.vpc.aws_subnet.public",
            "module.vpc.aws_vpc.main"
          ]
        },
        {
          "index_key": 1,
          "schema_version": 0,
          "attributes": {
            "gateway_id": "",
            "id": "rtbassoc-08511e0001034e97d",
            "route_table_id": "rtb-03123a516dba82cac",
            "subnet_id": "subnet-0f3a154d68d9f4f3e",
            "timeouts": null
          },
          "sensitive_attributes": [],
          "identity_schema_version": 0,
          "private": "eyJlMmJmYjczMC1lY2FhLTExZTYtOGY4OC0zNDM2M2JjN2M0YzAiOnsiY3JlYXRlIjozMDAwMDAwMDAwMDAsImRlbGV0ZSI6MzAwMDAwMDAwMDAwLCJ1cGRhdGUiOjEyMDAwMDAwMDAwMH19",
          "dependencies": [
            "module.vpc.aws_eip.nat",
            "module.vpc.aws_internet_gateway.main",
            "module.vpc.aws_nat_gateway.main",
            "module.vpc.aws_route_table.private",
            "module.vpc.aws_subnet.private",
            "module.vpc.aws_subnet.public",
            "module.vpc.aws_vpc.main"
          ]
        }
      ]
    },
    {
      "module": "module.vpc",
      "mode": "managed",
      "type": "aws_route_table_association",
      "name": "public",
      "provider": "provider[\"registry.terraform.io/hashicorp/aws\"]",
      "instances": [
        {
          "index_key": 0,
          "schema_version": 0,
          "attributes": {
            "gateway_id": "",
            "id": "rtbassoc-091e19c8368f42803",
            "route_table_id": "rtb-0f5359538baec6480",
            "subnet_id": "subnet-02cc124984de504b6",
            "timeouts": null
          },
          "sensitive_attributes": [],
          "identity_schema_version": 0,
          "private": "eyJlMmJmYjczMC1lY2FhLTExZTYtOGY4OC0zNDM2M2JjN2M0YzAiOnsiY3JlYXRlIjozMDAwMDAwMDAwMDAsImRlbGV0ZSI6MzAwMDAwMDAwMDAwLCJ1cGRhdGUiOjEyMDAwMDAwMDAwMH19",
          "dependencies": [
            "module.vpc.aws_internet_gateway.main",
            "module.vpc.aws_route_table.public",
            "module.vpc.aws_subnet.public",
            "module.vpc.aws_vpc.main"
          ]
        },
        {
          "index_key": 1,
          "schema_version": 0,
          "attributes": {
            "gateway_id": "",
            "id": "rtbassoc-0e0d715359aac1c6a",
            "route_table_id": "rtb-0f5359538baec6480",
            "subnet_id": "subnet-0b59d7645a7d44a60",
            "timeouts": null
          },
          "sensitive_attributes": [],
          "identity_schema_version": 0,
          "private": "eyJlMmJmYjczMC1lY2FhLTExZTYtOGY4OC0zNDM2M2JjN2M0YzAiOnsiY3JlYXRlIjozMDAwMDAwMDAwMDAsImRlbGV0ZSI6MzAwMDAwMDAwMDAwLCJ1cGRhdGUiOjEyMDAwMDAwMDAwMH19",
          "dependencies": [
            "module.vpc.aws_internet_gateway.main",
            "module.vpc.aws_route_table.public",
            "module.vpc.aws_subnet.public",
            "module.vpc.aws_vpc.main"
          ]
        }
      ]
    },
    {
      "module": "module.vpc",
      "mode": "managed",
      "type": "aws_subnet",
      "name": "private",
      "provider": "provider[\"registry.terraform.io/hashicorp/aws\"]",
      "instances": [
        {
          "index_key": 0,
          "schema_version": 1,
          "attributes": {
            "arn": "arn:aws:ec2:ap-northeast-2:471464546082:subnet/subnet-027c582733b3d79fb",
            "assign_ipv6_address_on_creation": false,
            "availability_zone": "ap-northeast-2a",
            "availability_zone_id": "apne2-az1",
            "cidr_block": "10.0.10.0/24",
            "customer_owned_ipv4_pool": "",
            "enable_dns64": false,
            "enable_lni_at_device_index": 0,
            "enable_resource_name_dns_a_record_on_launch": false,
            "enable_resource_name_dns_aaaa_record_on_launch": false,
            "id": "subnet-027c582733b3d79fb",
            "ipv6_cidr_block": "",
            "ipv6_cidr_block_association_id": "",
            "ipv6_native": false,
            "map_customer_owned_ip_on_launch": false,
            "map_public_ip_on_launch": false,
            "outpost_arn": "",
            "owner_id": "471464546082",
            "private_dns_hostname_type_on_launch": "ip-name",
            "tags": {
              "Name": "myapp-private-subnet-1",
              "Type": "Private"
            },
            "tags_all": {
              "Environment": "prod",
              "ManagedBy": "Terraform",
              "Name": "myapp-private-subnet-1",
              "Project": "myapp",
              "Type": "Private"
            },
            "timeouts": null,
            "vpc_id": "vpc-000aa297bd9cca28c"
          },
          "sensitive_attributes": [],
          "identity_schema_version": 0,
          "private": "eyJlMmJmYjczMC1lY2FhLTExZTYtOGY4OC0zNDM2M2JjN2M0YzAiOnsiY3JlYXRlIjo2MDAwMDAwMDAwMDAsImRlbGV0ZSI6MTIwMDAwMDAwMDAwMH0sInNjaGVtYV92ZXJzaW9uIjoiMSJ9",
          "dependencies": [
            "module.vpc.aws_vpc.main"
          ]
        },
        {
          "index_key": 1,
          "schema_version": 1,
          "attributes": {
            "arn": "arn:aws:ec2:ap-northeast-2:471464546082:subnet/subnet-0f3a154d68d9f4f3e",
            "assign_ipv6_address_on_creation": false,
            "availability_zone": "ap-northeast-2c",
            "availability_zone_id": "apne2-az3",
            "cidr_block": "10.0.11.0/24",
            "customer_owned_ipv4_pool": "",
            "enable_dns64": false,
            "enable_lni_at_device_index": 0,
            "enable_resource_name_dns_a_record_on_launch": false,
            "enable_resource_name_dns_aaaa_record_on_launch": false,
            "id": "subnet-0f3a154d68d9f4f3e",
            "ipv6_cidr_block": "",
            "ipv6_cidr_block_association_id": "",
            "ipv6_native": false,
            "map_customer_owned_ip_on_launch": false,
            "map_public_ip_on_launch": false,
            "outpost_arn": "",
            "owner_id": "471464546082",
            "private_dns_hostname_type_on_launch": "ip-name",
            "tags": {
              "Name": "myapp-private-subnet-2",
              "Type": "Private"
            },
            "tags_all": {
              "Environment": "prod",
              "ManagedBy": "Terraform",
              "Name": "myapp-private-subnet-2",
              "Project": "myapp",
              "Type": "Private"
            },
            "timeouts": null,
            "vpc_id": "vpc-000aa297bd9cca28c"
          },
          "sensitive_attributes": [],
          "identity_schema_version": 0,
          "private": "eyJlMmJmYjczMC1lY2FhLTExZTYtOGY4OC0zNDM2M2JjN2M0YzAiOnsiY3JlYXRlIjo2MDAwMDAwMDAwMDAsImRlbGV0ZSI6MTIwMDAwMDAwMDAwMH0sInNjaGVtYV92ZXJzaW9uIjoiMSJ9",
          "dependencies": [
            "module.vpc.aws_vpc.main"
          ]
        }
      ]
    },
    {
      "module": "module.vpc",
      "mode": "managed",
      "type": "aws_subnet",
      "name": "public",
      "provider": "provider[\"registry.terraform.io/hashicorp/aws\"]",
      "instances": [
        {
          "index_key": 0,
          "schema_version": 1,
          "attributes": {
            "arn": "arn:aws:ec2:ap-northeast-2:471464546082:subnet/subnet-02cc124984de504b6",
            "assign_ipv6_address_on_creation": false,
            "availability_zone": "ap-northeast-2a",
            "availability_zone_id": "apne2-az1",
            "cidr_block": "10.0.0.0/24",
            "customer_owned_ipv4_pool": "",
            "enable_dns64": false,
            "enable_lni_at_device_index": 0,
            "enable_resource_name_dns_a_record_on_launch": false,
            "enable_resource_name_dns_aaaa_record_on_launch": false,
            "id": "subnet-02cc124984de504b6",
            "ipv6_cidr_block": "",
            "ipv6_cidr_block_association_id": "",
            "ipv6_native": false,
            "map_customer_owned_ip_on_launch": false,
            "map_public_ip_on_launch": true,
            "outpost_arn": "",
            "owner_id": "471464546082",
            "private_dns_hostname_type_on_launch": "ip-name",
            "tags": {
              "Name": "myapp-public-subnet-1",
              "Type": "Public"
            },
            "tags_all": {
              "Environment": "prod",
              "ManagedBy": "Terraform",
              "Name": "myapp-public-subnet-1",
              "Project": "myapp",
              "Type": "Public"
            },
            "timeouts": null,
            "vpc_id": "vpc-000aa297bd9cca28c"
          },
          "sensitive_attributes": [],
          "identity_schema_version": 0,
          "private": "eyJlMmJmYjczMC1lY2FhLTExZTYtOGY4OC0zNDM2M2JjN2M0YzAiOnsiY3JlYXRlIjo2MDAwMDAwMDAwMDAsImRlbGV0ZSI6MTIwMDAwMDAwMDAwMH0sInNjaGVtYV92ZXJzaW9uIjoiMSJ9",
          "dependencies": [
            "module.vpc.aws_vpc.main"
          ]
        },
        {
          "index_key": 1,
          "schema_version": 1,
          "attributes": {
            "arn": "arn:aws:ec2:ap-northeast-2:471464546082:subnet/subnet-0b59d7645a7d44a60",
            "assign_ipv6_address_on_creation": false,
            "availability_zone": "ap-northeast-2c",
            "availability_zone_id": "apne2-az3",
            "cidr_block": "10.0.1.0/24",
            "customer_owned_ipv4_pool": "",
            "enable_dns64": false,
            "enable_lni_at_device_index": 0,
            "enable_resource_name_dns_a_record_on_launch": false,
            "enable_resource_name_dns_aaaa_record_on_launch": false,
            "id": "subnet-0b59d7645a7d44a60",
            "ipv6_cidr_block": "",
            "ipv6_cidr_block_association_id": "",
            "ipv6_native": false,
            "map_customer_owned_ip_on_launch": false,
            "map_public_ip_on_launch": true,
            "outpost_arn": "",
            "owner_id": "471464546082",
            "private_dns_hostname_type_on_launch": "ip-name",
            "tags": {
              "Name": "myapp-public-subnet-2",
              "Type": "Public"
            },
            "tags_all": {
              "Environment": "prod",
              "ManagedBy": "Terraform",
              "Name": "myapp-public-subnet-2",
              "Project": "myapp",
              "Type": "Public"
            },
            "timeouts": null,
            "vpc_id": "vpc-000aa297bd9cca28c"
          },
          "sensitive_attributes": [],
          "identity_schema_version": 0,
          "private": "eyJlMmJmYjczMC1lY2FhLTExZTYtOGY4OC0zNDM2M2JjN2M0YzAiOnsiY3JlYXRlIjo2MDAwMDAwMDAwMDAsImRlbGV0ZSI6MTIwMDAwMDAwMDAwMH0sInNjaGVtYV92ZXJzaW9uIjoiMSJ9",
          "dependencies": [
            "module.vpc.aws_vpc.main"
          ]
        }
      ]
    },
    {
      "module": "module.vpc",
      "mode": "managed",
      "type": "aws_vpc",
      "name": "main",
      "provider": "provider[\"registry.terraform.io/hashicorp/aws\"]",
      "instances": [
        {
          "schema_version": 1,
          "attributes": {
            "arn": "arn:aws:ec2:ap-northeast-2:471464546082:vpc/vpc-000aa297bd9cca28c",
            "assign_generated_ipv6_cidr_block": false,
            "cidr_block": "10.0.0.0/16",
            "default_network_acl_id": "acl-064d6ed94daa6866c",
            "default_route_table_id": "rtb-09865af9a361f5529",
            "default_security_group_id": "sg-012e2b07070b7f3ef",
            "dhcp_options_id": "dopt-050c42f0ced26acec",
            "enable_dns_hostnames": true,
            "enable_dns_support": true,
            "enable_network_address_usage_metrics": false,
            "id": "vpc-000aa297bd9cca28c",
            "instance_tenancy": "default",
            "ipv4_ipam_pool_id": null,
            "ipv4_netmask_length": null,
            "ipv6_association_id": "",
            "ipv6_cidr_block": "",
            "ipv6_cidr_block_network_border_group": "",
            "ipv6_ipam_pool_id": "",
            "ipv6_netmask_length": 0,
            "main_route_table_id": "rtb-09865af9a361f5529",
            "owner_id": "471464546082",
            "tags": {
              "Name": "myapp-vpc"
            },
            "tags_all": {
              "Environment": "prod",
              "ManagedBy": "Terraform",
              "Name": "myapp-vpc",
              "Project": "myapp"
            }
          },
          "sensitive_attributes": [],
          "identity_schema_version": 0,
          "private": "eyJzY2hlbWFfdmVyc2lvbiI6IjEifQ=="
        }
      ]
    }
  ],
  "check_results": null
}
